// !$*UTF8*$!
{
	archiveVersion = 1;
	classes = {
	};
	objectVersion = 48;
	objects = {

/* Begin PBXBuildFile section */
		680F331D1FEBECBE0091E9F8 /* Transform_sublayer.swift in Sources */ = {isa = PBXBuildFile; fileRef = 680F331B1FEBECBE0091E9F8 /* Transform_sublayer.swift */; };
		680F331E1FEBECBE0091E9F8 /* Transform_sublayer.xib in Resources */ = {isa = PBXBuildFile; fileRef = 680F331C1FEBECBE0091E9F8 /* Transform_sublayer.xib */; };
		682513C11FEB542E00FE41CE /* ShadowPath.swift in Sources */ = {isa = PBXBuildFile; fileRef = 682513BF1FEB542E00FE41CE /* ShadowPath.swift */; };
		682513C21FEB542E00FE41CE /* ShadowPath.xib in Resources */ = {isa = PBXBuildFile; fileRef = 682513C01FEB542E00FE41CE /* ShadowPath.xib */; };
		6826BE6D1FECB1E80021ADED /* Special_CAShapeLayer.swift in Sources */ = {isa = PBXBuildFile; fileRef = 6826BE6C1FECB1E80021ADED /* Special_CAShapeLayer.swift */; };
		6826BE6F1FECD6F80021ADED /* Special_CATextLayer.swift in Sources */ = {isa = PBXBuildFile; fileRef = 6826BE6E1FECD6F80021ADED /* Special_CATextLayer.swift */; };
		6826BE711FECE2F90021ADED /* Special_CATransformLayer.swift in Sources */ = {isa = PBXBuildFile; fileRef = 6826BE701FECE2F90021ADED /* Special_CATransformLayer.swift */; };
		6826BE731FECE31B0021ADED /* Special_CATextLayer_RichText.swift in Sources */ = {isa = PBXBuildFile; fileRef = 6826BE721FECE31B0021ADED /* Special_CATextLayer_RichText.swift */; };
		6826BE7B1FED00810021ADED /* Special_CAGradientLayer.swift in Sources */ = {isa = PBXBuildFile; fileRef = 6826BE7A1FED00810021ADED /* Special_CAGradientLayer.swift */; };
		6826BE7E1FED44860021ADED /* Special_CAReplicatorLayer.swift in Sources */ = {isa = PBXBuildFile; fileRef = 6826BE7D1FED44860021ADED /* Special_CAReplicatorLayer.swift */; };
		6826BE801FED45180021ADED /* Special_CAReplicatorLayer.xib in Resources */ = {isa = PBXBuildFile; fileRef = 6826BE7F1FED45180021ADED /* Special_CAReplicatorLayer.xib */; };
		6826BE8C1FED63200021ADED /* LayerLabel_test.swift in Sources */ = {isa = PBXBuildFile; fileRef = 6826BE8A1FED63200021ADED /* LayerLabel_test.swift */; };
		6826BE8F1FED6AFB0021ADED /* ScrollView.swift in Sources */ = {isa = PBXBuildFile; fileRef = 6826BE8E1FED6AFB0021ADED /* ScrollView.swift */; };
		6826BE9A1FEE198A0021ADED /* Special_CAEmitterLayeer.swift in Sources */ = {isa = PBXBuildFile; fileRef = 6826BE981FEE198A0021ADED /* Special_CAEmitterLayeer.swift */; };
		6826BE9E1FEE39720021ADED /* Special_CAEAGLLayer.swift in Sources */ = {isa = PBXBuildFile; fileRef = 6826BE9D1FEE39720021ADED /* Special_CAEAGLLayer.swift */; };
		6826BEA11FEE87090021ADED /* MyGlView.swift in Sources */ = {isa = PBXBuildFile; fileRef = 6826BEA01FEE87090021ADED /* MyGlView.swift */; };
		6826BEA91FEE87C90021ADED /* Special_CAEAGLLayer_OC.m in Sources */ = {isa = PBXBuildFile; fileRef = 6826BEA71FEE87C90021ADED /* Special_CAEAGLLayer_OC.m */; };
		6826BEAA1FEE87C90021ADED /* Special_CAEAGLLayer_OC.xib in Resources */ = {isa = PBXBuildFile; fileRef = 6826BEA81FEE87C90021ADED /* Special_CAEAGLLayer_OC.xib */; };
		6826BEAE1FEEB6770021ADED /* Special_AVPlayerLayer.swift in Sources */ = {isa = PBXBuildFile; fileRef = 6826BEAD1FEEB6770021ADED /* Special_AVPlayerLayer.swift */; };
		68369BCD1FE8A0E300FA8096 /* AppDelegate.swift in Sources */ = {isa = PBXBuildFile; fileRef = 68369BCC1FE8A0E300FA8096 /* AppDelegate.swift */; };
		68369BCF1FE8A0E300FA8096 /* ViewController.swift in Sources */ = {isa = PBXBuildFile; fileRef = 68369BCE1FE8A0E300FA8096 /* ViewController.swift */; };
		68369BD21FE8A0E300FA8096 /* Main.storyboard in Resources */ = {isa = PBXBuildFile; fileRef = 68369BD01FE8A0E300FA8096 /* Main.storyboard */; };
		68369BD71FE8A0E300FA8096 /* LaunchScreen.storyboard in Resources */ = {isa = PBXBuildFile; fileRef = 68369BD51FE8A0E300FA8096 /* LaunchScreen.storyboard */; };
		68369BE21FE8A0E400FA8096 /* CALayer_TestTests.swift in Sources */ = {isa = PBXBuildFile; fileRef = 68369BE11FE8A0E400FA8096 /* CALayer_TestTests.swift */; };
		68369C081FE8B93200FA8096 /* UseLayer.swift in Sources */ = {isa = PBXBuildFile; fileRef = 68369C071FE8B93200FA8096 /* UseLayer.swift */; };
		68373D181FF0898C00A368F3 /* Transition.swift in Sources */ = {isa = PBXBuildFile; fileRef = 68373D161FF0898C00A368F3 /* Transition.swift */; };
		68373D191FF0898C00A368F3 /* Transition.xib in Resources */ = {isa = PBXBuildFile; fileRef = 68373D171FF0898C00A368F3 /* Transition.xib */; };
		68373D1B1FF0928D00A368F3 /* Transition_Tabbar.swift in Sources */ = {isa = PBXBuildFile; fileRef = 68373D1A1FF0928D00A368F3 /* Transition_Tabbar.swift */; };
		68373D201FF09B7C00A368F3 /* CustomAnimation.swift in Sources */ = {isa = PBXBuildFile; fileRef = 68373D1E1FF09B7C00A368F3 /* CustomAnimation.swift */; };
		68373D211FF09B7C00A368F3 /* CustomAnimation.xib in Resources */ = {isa = PBXBuildFile; fileRef = 68373D1F1FF09B7C00A368F3 /* CustomAnimation.xib */; };
		68373D251FF0A0A800A368F3 /* CancelAnimation.swift in Sources */ = {isa = PBXBuildFile; fileRef = 68373D231FF0A0A800A368F3 /* CancelAnimation.swift */; };
		68373D261FF0A0A800A368F3 /* CancelAnimation.xib in Resources */ = {isa = PBXBuildFile; fileRef = 68373D241FF0A0A800A368F3 /* CancelAnimation.xib */; };
		68373D2A1FF0A46C00A368F3 /* Duration_RepeatCount.swift in Sources */ = {isa = PBXBuildFile; fileRef = 68373D281FF0A46C00A368F3 /* Duration_RepeatCount.swift */; };
		68373D2B1FF0A46C00A368F3 /* Duration_RepeatCount.xib in Resources */ = {isa = PBXBuildFile; fileRef = 68373D291FF0A46C00A368F3 /* Duration_RepeatCount.xib */; };
		68373D2E1FF0AA3300A368F3 /* RepeatDuration.swift in Sources */ = {isa = PBXBuildFile; fileRef = 68373D2C1FF0AA3300A368F3 /* RepeatDuration.swift */; };
		68373D2F1FF0AA3300A368F3 /* RepeatDuration.xib in Resources */ = {isa = PBXBuildFile; fileRef = 68373D2D1FF0AA3300A368F3 /* RepeatDuration.xib */; };
		68373D321FF0AD1900A368F3 /* RelativelyTime.swift in Sources */ = {isa = PBXBuildFile; fileRef = 68373D301FF0AD1900A368F3 /* RelativelyTime.swift */; };
		68373D331FF0AD1900A368F3 /* RelativelyTime.xib in Resources */ = {isa = PBXBuildFile; fileRef = 68373D311FF0AD1900A368F3 /* RelativelyTime.xib */; };
		68373D381FF0D12500A368F3 /* ManuallyAnimation.swift in Sources */ = {isa = PBXBuildFile; fileRef = 68373D361FF0D12500A368F3 /* ManuallyAnimation.swift */; };
		68373D391FF0D12500A368F3 /* ManuallyAnimation.xib in Resources */ = {isa = PBXBuildFile; fileRef = 68373D371FF0D12500A368F3 /* ManuallyAnimation.xib */; };
		68373D431FF0E01B00A368F3 /* UIViewCAMediaTimingFunction.swift in Sources */ = {isa = PBXBuildFile; fileRef = 68373D411FF0E01B00A368F3 /* UIViewCAMediaTimingFunction.swift */; };
		68373D4C1FF0F61700A368F3 /* TriBezier.swift in Sources */ = {isa = PBXBuildFile; fileRef = 68373D4A1FF0F61700A368F3 /* TriBezier.swift */; };
		68373D4D1FF0F61700A368F3 /* TriBezier.xib in Resources */ = {isa = PBXBuildFile; fileRef = 68373D4B1FF0F61700A368F3 /* TriBezier.xib */; };
		68373D501FF1034000A368F3 /* ReboundBall_KeyTimes.swift in Sources */ = {isa = PBXBuildFile; fileRef = 68373D4E1FF1034000A368F3 /* ReboundBall_KeyTimes.swift */; };
		68373D511FF1034000A368F3 /* ReboundBall_KeyTimes.xib in Resources */ = {isa = PBXBuildFile; fileRef = 68373D4F1FF1034000A368F3 /* ReboundBall_KeyTimes.xib */; };
		68373D541FF109BA00A368F3 /* ReboundBall_Auto.swift in Sources */ = {isa = PBXBuildFile; fileRef = 68373D521FF109BA00A368F3 /* ReboundBall_Auto.swift */; };
		68373D551FF109BA00A368F3 /* ReboundBall_Auto.xib in Resources */ = {isa = PBXBuildFile; fileRef = 68373D531FF109BA00A368F3 /* ReboundBall_Auto.xib */; };
		68373D5F1FF21B8900A368F3 /* ReboundBall_NSTimer.swift in Sources */ = {isa = PBXBuildFile; fileRef = 68373D5D1FF21B8900A368F3 /* ReboundBall_NSTimer.swift */; };
		68373D601FF21B8900A368F3 /* ReboundBall_NSTimer.xib in Resources */ = {isa = PBXBuildFile; fileRef = 68373D5E1FF21B8900A368F3 /* ReboundBall_NSTimer.xib */; };
		68373D631FF2225800A368F3 /* ReboundBall_CADisplayLink.swift in Sources */ = {isa = PBXBuildFile; fileRef = 68373D611FF2225800A368F3 /* ReboundBall_CADisplayLink.swift */; };
		68373D641FF2225800A368F3 /* ReboundBall_CADisplayLink.xib in Resources */ = {isa = PBXBuildFile; fileRef = 68373D621FF2225800A368F3 /* ReboundBall_CADisplayLink.xib */; };
		683CCFCB1FEBBD8000ADBF1F /* AffineTransformConcat.swift in Sources */ = {isa = PBXBuildFile; fileRef = 683CCFCA1FEBBD8000ADBF1F /* AffineTransformConcat.swift */; };
		683DBED71FEF7E3B00F1BA84 /* AdvancingTransition.swift in Sources */ = {isa = PBXBuildFile; fileRef = 683DBED51FEF7E3B00F1BA84 /* AdvancingTransition.swift */; };
		683DBED81FEF7E3B00F1BA84 /* AdvancingTransition.xib in Resources */ = {isa = PBXBuildFile; fileRef = 683DBED61FEF7E3B00F1BA84 /* AdvancingTransition.xib */; };
		683DBEDC1FEF864F00F1BA84 /* PresentationLayer.swift in Sources */ = {isa = PBXBuildFile; fileRef = 683DBEDA1FEF864F00F1BA84 /* PresentationLayer.swift */; };
		683DBEE31FEF8CFC00F1BA84 /* PropertyAnimations.swift in Sources */ = {isa = PBXBuildFile; fileRef = 683DBEE11FEF8CFC00F1BA84 /* PropertyAnimations.swift */; };
		683DBEE41FEF8CFC00F1BA84 /* PropertyAnimations.xib in Resources */ = {isa = PBXBuildFile; fileRef = 683DBEE21FEF8CFC00F1BA84 /* PropertyAnimations.xib */; };
		683DBEE71FEF936B00F1BA84 /* PropertyAnimations_KVC.swift in Sources */ = {isa = PBXBuildFile; fileRef = 683DBEE51FEF936B00F1BA84 /* PropertyAnimations_KVC.swift */; };
		683DBEE81FEF936B00F1BA84 /* PropertyAnimations_KVC.xib in Resources */ = {isa = PBXBuildFile; fileRef = 683DBEE61FEF936B00F1BA84 /* PropertyAnimations_KVC.xib */; };
		683DBEED1FEFA23800F1BA84 /* PropertyAnimations_KeyFrames.swift in Sources */ = {isa = PBXBuildFile; fileRef = 683DBEEB1FEFA23800F1BA84 /* PropertyAnimations_KeyFrames.swift */; };
		683DBEEE1FEFA23800F1BA84 /* PropertyAnimations_KeyFrames.xib in Resources */ = {isa = PBXBuildFile; fileRef = 683DBEEC1FEFA23800F1BA84 /* PropertyAnimations_KeyFrames.xib */; };
		683DBEF11FEFB2E400F1BA84 /* PropertyAnimations_CGPath.swift in Sources */ = {isa = PBXBuildFile; fileRef = 683DBEEF1FEFB2E400F1BA84 /* PropertyAnimations_CGPath.swift */; };
		683FE04F1FEECADF00B0799D /* Ship.mp4 in Resources */ = {isa = PBXBuildFile; fileRef = 683FE04E1FEECADE00B0799D /* Ship.mp4 */; };
		683FE0511FEECCA400B0799D /* Special_AVPlayerLayer_MIX.xib in Resources */ = {isa = PBXBuildFile; fileRef = 683FE0501FEECC6800B0799D /* Special_AVPlayerLayer_MIX.xib */; };
		683FE0541FEF5CB900B0799D /* Transactions.swift in Sources */ = {isa = PBXBuildFile; fileRef = 683FE0521FEF5CB900B0799D /* Transactions.swift */; };
		683FE0551FEF5CB900B0799D /* Transactions.xib in Resources */ = {isa = PBXBuildFile; fileRef = 683FE0531FEF5CB900B0799D /* Transactions.xib */; };
		683FE0571FEF6FDC00B0799D /* CALayer+Extension.swift in Sources */ = {isa = PBXBuildFile; fileRef = 683FE0561FEF6FDC00B0799D /* CALayer+Extension.swift */; };
		683FE05E1FEF75E100B0799D /* Completion_Blocks.swift in Sources */ = {isa = PBXBuildFile; fileRef = 683FE05C1FEF75E100B0799D /* Completion_Blocks.swift */; };
		683FE05F1FEF75E100B0799D /* Completion_Blocks.xib in Resources */ = {isa = PBXBuildFile; fileRef = 683FE05D1FEF75E100B0799D /* Completion_Blocks.xib */; };
		683FE0631FEF78E500B0799D /* LayerActions.swift in Sources */ = {isa = PBXBuildFile; fileRef = 683FE0611FEF78E500B0799D /* LayerActions.swift */; };
		683FE0641FEF78E500B0799D /* LayerActions.xib in Resources */ = {isa = PBXBuildFile; fileRef = 683FE0621FEF78E500B0799D /* LayerActions.xib */; };
		6890A8341FF00C0E00C624F3 /* PropertyAnimations_CGPath.xib in Resources */ = {isa = PBXBuildFile; fileRef = 6890A8321FF00C0E00C624F3 /* PropertyAnimations_CGPath.xib */; };
		6890A8371FF0143100C624F3 /* AnimationGroup.swift in Sources */ = {isa = PBXBuildFile; fileRef = 6890A8351FF0143000C624F3 /* AnimationGroup.swift */; };
		6890A8381FF0143100C624F3 /* AnimationGroup.xib in Resources */ = {isa = PBXBuildFile; fileRef = 6890A8361FF0143000C624F3 /* AnimationGroup.xib */; };
		689C25EE1FE8E13A005A3311 /* ContentsProperties1.swift in Sources */ = {isa = PBXBuildFile; fileRef = 689C25ED1FE8E13A005A3311 /* ContentsProperties1.swift */; };
		689C25F41FE966B4005A3311 /* UIViewController+Extension.swift in Sources */ = {isa = PBXBuildFile; fileRef = 689C25F31FE966B4005A3311 /* UIViewController+Extension.swift */; };
		689C25F71FE96FF8005A3311 /* CustomDrawing.swift in Sources */ = {isa = PBXBuildFile; fileRef = 689C25F61FE96FF8005A3311 /* CustomDrawing.swift */; };
		689C25F91FE9F7A0005A3311 /* ContentsProperties2.swift in Sources */ = {isa = PBXBuildFile; fileRef = 689C25F81FE9F7A0005A3311 /* ContentsProperties2.swift */; };
		689C25FB1FEA02EE005A3311 /* ContentsProperties3.swift in Sources */ = {isa = PBXBuildFile; fileRef = 689C25FA1FEA02EE005A3311 /* ContentsProperties3.swift */; };
		689C25FD1FEA371A005A3311 /* Assets.xcassets in Resources */ = {isa = PBXBuildFile; fileRef = 689C25FC1FEA3719005A3311 /* Assets.xcassets */; };
		689C26001FEA3C6B005A3311 /* AnchorPoint.swift in Sources */ = {isa = PBXBuildFile; fileRef = 689C25FF1FEA3C6B005A3311 /* AnchorPoint.swift */; };
		689C26061FEA5F40005A3311 /* CoordinateSystem.swift in Sources */ = {isa = PBXBuildFile; fileRef = 689C26051FEA5F40005A3311 /* CoordinateSystem.swift */; };
		689C260B1FEA6474005A3311 /* HitTesting-containsPoint.swift in Sources */ = {isa = PBXBuildFile; fileRef = 689C260A1FEA6474005A3311 /* HitTesting-containsPoint.swift */; };
		689C260D1FEA649E005A3311 /* HitTesting-hitTest.swift in Sources */ = {isa = PBXBuildFile; fileRef = 689C260C1FEA649E005A3311 /* HitTesting-hitTest.swift */; };
		689C26101FEA71ED005A3311 /* ConrnerRadius.swift in Sources */ = {isa = PBXBuildFile; fileRef = 689C260F1FEA71ED005A3311 /* ConrnerRadius.swift */; };
		689C26151FEB4571005A3311 /* LayerBorder.swift in Sources */ = {isa = PBXBuildFile; fileRef = 689C26141FEB4571005A3311 /* LayerBorder.swift */; };
		689C26171FEB4591005A3311 /* LayerBorder.xib in Resources */ = {isa = PBXBuildFile; fileRef = 689C26161FEB4591005A3311 /* LayerBorder.xib */; };
		689C26191FEB497E005A3311 /* ConrnerRadius.xib in Resources */ = {isa = PBXBuildFile; fileRef = 689C26181FEB497E005A3311 /* ConrnerRadius.xib */; };
		689C261B1FEB4A4D005A3311 /* CoordinateSystem.xib in Resources */ = {isa = PBXBuildFile; fileRef = 689C261A1FEB4A4D005A3311 /* CoordinateSystem.xib */; };
		689C261D1FEB4ABE005A3311 /* AnchorPoint.xib in Resources */ = {isa = PBXBuildFile; fileRef = 689C261C1FEB4ABE005A3311 /* AnchorPoint.xib */; };
		689C26211FEB50B3005A3311 /* Shadow.swift in Sources */ = {isa = PBXBuildFile; fileRef = 689C261F1FEB50B3005A3311 /* Shadow.swift */; };
		689C26221FEB50B3005A3311 /* Shadow.xib in Resources */ = {isa = PBXBuildFile; fileRef = 689C26201FEB50B3005A3311 /* Shadow.xib */; };
		68B259211FEB5FCF00C476B1 /* LayerMask.swift in Sources */ = {isa = PBXBuildFile; fileRef = 68B2591F1FEB5FCF00C476B1 /* LayerMask.swift */; };
		68B259221FEB5FCF00C476B1 /* LayerMask.xib in Resources */ = {isa = PBXBuildFile; fileRef = 68B259201FEB5FCF00C476B1 /* LayerMask.xib */; };
		68B259251FEB64B800C476B1 /* Stretch_Filte.swift in Sources */ = {isa = PBXBuildFile; fileRef = 68B259231FEB64B800C476B1 /* Stretch_Filte.swift */; };
		68B2592D1FEB911600C476B1 /* Stretch_Filte.xib in Resources */ = {isa = PBXBuildFile; fileRef = 68B2592C1FEB911600C476B1 /* Stretch_Filte.xib */; };
		68B259311FEB949800C476B1 /* Rasterize.swift in Sources */ = {isa = PBXBuildFile; fileRef = 68B2592F1FEB949800C476B1 /* Rasterize.swift */; };
		68B259361FEBB65B00C476B1 /* AffineTransform.swift in Sources */ = {isa = PBXBuildFile; fileRef = 68B259341FEBB65B00C476B1 /* AffineTransform.swift */; };
		68B2EA471FEBC63F003F8FAA /* Transform_m34.swift in Sources */ = {isa = PBXBuildFile; fileRef = 68B2EA461FEBC63F003F8FAA /* Transform_m34.swift */; };
		68E368741FEBF84800438D58 /* Transform_Rotation1.swift in Sources */ = {isa = PBXBuildFile; fileRef = 68E368721FEBF84800438D58 /* Transform_Rotation1.swift */; };
		68E368751FEBF84800438D58 /* Transform_Rotation1.xib in Resources */ = {isa = PBXBuildFile; fileRef = 68E368731FEBF84800438D58 /* Transform_Rotation1.xib */; };
		68E368781FEBF86100438D58 /* Transform_Rotation2.swift in Sources */ = {isa = PBXBuildFile; fileRef = 68E368761FEBF86100438D58 /* Transform_Rotation2.swift */; };
		68E368791FEBF86100438D58 /* Transform_Rotation2.xib in Resources */ = {isa = PBXBuildFile; fileRef = 68E368771FEBF86100438D58 /* Transform_Rotation2.xib */; };
		68E3687D1FEBFEDA00438D58 /* SolidObject.swift in Sources */ = {isa = PBXBuildFile; fileRef = 68E3687B1FEBFEDA00438D58 /* SolidObject.swift */; };
		68E3687E1FEBFEDA00438D58 /* SolidObject.xib in Resources */ = {isa = PBXBuildFile; fileRef = 68E3687C1FEBFEDA00438D58 /* SolidObject.xib */; };
		68E368811FECA19800438D58 /* SolidObject_Shadow.swift in Sources */ = {isa = PBXBuildFile; fileRef = 68E3687F1FECA19800438D58 /* SolidObject_Shadow.swift */; };
		68E368821FECA19800438D58 /* SolidObject_Shadow.xib in Resources */ = {isa = PBXBuildFile; fileRef = 68E368801FECA19800438D58 /* SolidObject_Shadow.xib */; };
		68EBC7861FEEC42E00455F9A /* Special_AVPlayerLayer_MIX.swift in Sources */ = {isa = PBXBuildFile; fileRef = 68EBC7851FEEC42E00455F9A /* Special_AVPlayerLayer_MIX.swift */; };
/* End PBXBuildFile section */

/* Begin PBXContainerItemProxy section */
		68369BDE1FE8A0E400FA8096 /* PBXContainerItemProxy */ = {
			isa = PBXContainerItemProxy;
			containerPortal = 68369BC11FE8A0E300FA8096 /* Project object */;
			proxyType = 1;
			remoteGlobalIDString = 68369BC81FE8A0E300FA8096;
			remoteInfo = CALayer_Test;
		};
/* End PBXContainerItemProxy section */

/* Begin PBXFileReference section */
		680F331B1FEBECBE0091E9F8 /* Transform_sublayer.swift */ = {isa = PBXFileReference; lastKnownFileType = sourcecode.swift; path = Transform_sublayer.swift; sourceTree = "<group>"; };
		680F331C1FEBECBE0091E9F8 /* Transform_sublayer.xib */ = {isa = PBXFileReference; lastKnownFileType = file.xib; path = Transform_sublayer.xib; sourceTree = "<group>"; };
		682513BF1FEB542E00FE41CE /* ShadowPath.swift */ = {isa = PBXFileReference; lastKnownFileType = sourcecode.swift; path = ShadowPath.swift; sourceTree = "<group>"; };
		682513C01FEB542E00FE41CE /* ShadowPath.xib */ = {isa = PBXFileReference; lastKnownFileType = file.xib; path = ShadowPath.xib; sourceTree = "<group>"; };
		6826BE6C1FECB1E80021ADED /* Special_CAShapeLayer.swift */ = {isa = PBXFileReference; lastKnownFileType = sourcecode.swift; path = Special_CAShapeLayer.swift; sourceTree = "<group>"; };
		6826BE6E1FECD6F80021ADED /* Special_CATextLayer.swift */ = {isa = PBXFileReference; lastKnownFileType = sourcecode.swift; path = Special_CATextLayer.swift; sourceTree = "<group>"; };
		6826BE701FECE2F90021ADED /* Special_CATransformLayer.swift */ = {isa = PBXFileReference; lastKnownFileType = sourcecode.swift; path = Special_CATransformLayer.swift; sourceTree = "<group>"; };
		6826BE721FECE31B0021ADED /* Special_CATextLayer_RichText.swift */ = {isa = PBXFileReference; lastKnownFileType = sourcecode.swift; path = Special_CATextLayer_RichText.swift; sourceTree = "<group>"; };
		6826BE7A1FED00810021ADED /* Special_CAGradientLayer.swift */ = {isa = PBXFileReference; lastKnownFileType = sourcecode.swift; path = Special_CAGradientLayer.swift; sourceTree = "<group>"; };
		6826BE7D1FED44860021ADED /* Special_CAReplicatorLayer.swift */ = {isa = PBXFileReference; lastKnownFileType = sourcecode.swift; path = Special_CAReplicatorLayer.swift; sourceTree = "<group>"; };
		6826BE7F1FED45180021ADED /* Special_CAReplicatorLayer.xib */ = {isa = PBXFileReference; lastKnownFileType = file.xib; path = Special_CAReplicatorLayer.xib; sourceTree = "<group>"; };
		6826BE8A1FED63200021ADED /* LayerLabel_test.swift */ = {isa = PBXFileReference; lastKnownFileType = sourcecode.swift; path = LayerLabel_test.swift; sourceTree = "<group>"; };
		6826BE8E1FED6AFB0021ADED /* ScrollView.swift */ = {isa = PBXFileReference; lastKnownFileType = sourcecode.swift; path = ScrollView.swift; sourceTree = "<group>"; };
		6826BE981FEE198A0021ADED /* Special_CAEmitterLayeer.swift */ = {isa = PBXFileReference; lastKnownFileType = sourcecode.swift; path = Special_CAEmitterLayeer.swift; sourceTree = "<group>"; };
		6826BE9D1FEE39720021ADED /* Special_CAEAGLLayer.swift */ = {isa = PBXFileReference; lastKnownFileType = sourcecode.swift; path = Special_CAEAGLLayer.swift; sourceTree = "<group>"; };
		6826BEA01FEE87090021ADED /* MyGlView.swift */ = {isa = PBXFileReference; lastKnownFileType = sourcecode.swift; path = MyGlView.swift; sourceTree = "<group>"; };
		6826BEA21FEE877C0021ADED /* CALayer_Test-Bridging-Header.h */ = {isa = PBXFileReference; lastKnownFileType = sourcecode.c.h; path = "CALayer_Test-Bridging-Header.h"; sourceTree = "<group>"; };
		6826BEA61FEE87C90021ADED /* Special_CAEAGLLayer_OC.h */ = {isa = PBXFileReference; lastKnownFileType = sourcecode.c.h; path = Special_CAEAGLLayer_OC.h; sourceTree = "<group>"; };
		6826BEA71FEE87C90021ADED /* Special_CAEAGLLayer_OC.m */ = {isa = PBXFileReference; lastKnownFileType = sourcecode.c.objc; path = Special_CAEAGLLayer_OC.m; sourceTree = "<group>"; };
		6826BEA81FEE87C90021ADED /* Special_CAEAGLLayer_OC.xib */ = {isa = PBXFileReference; lastKnownFileType = file.xib; path = Special_CAEAGLLayer_OC.xib; sourceTree = "<group>"; };
		6826BEAD1FEEB6770021ADED /* Special_AVPlayerLayer.swift */ = {isa = PBXFileReference; lastKnownFileType = sourcecode.swift; path = Special_AVPlayerLayer.swift; sourceTree = "<group>"; };
		68369BC91FE8A0E300FA8096 /* CALayer_Test.app */ = {isa = PBXFileReference; explicitFileType = wrapper.application; includeInIndex = 0; path = CALayer_Test.app; sourceTree = BUILT_PRODUCTS_DIR; };
		68369BCC1FE8A0E300FA8096 /* AppDelegate.swift */ = {isa = PBXFileReference; lastKnownFileType = sourcecode.swift; path = AppDelegate.swift; sourceTree = "<group>"; };
		68369BCE1FE8A0E300FA8096 /* ViewController.swift */ = {isa = PBXFileReference; lastKnownFileType = sourcecode.swift; path = ViewController.swift; sourceTree = "<group>"; };
		68369BD11FE8A0E300FA8096 /* Base */ = {isa = PBXFileReference; lastKnownFileType = file.storyboard; name = Base; path = Base.lproj/Main.storyboard; sourceTree = "<group>"; };
		68369BD61FE8A0E300FA8096 /* Base */ = {isa = PBXFileReference; lastKnownFileType = file.storyboard; name = Base; path = Base.lproj/LaunchScreen.storyboard; sourceTree = "<group>"; };
		68369BD81FE8A0E300FA8096 /* Info.plist */ = {isa = PBXFileReference; lastKnownFileType = text.plist.xml; path = Info.plist; sourceTree = "<group>"; };
		68369BDD1FE8A0E400FA8096 /* CALayer_TestTests.xctest */ = {isa = PBXFileReference; explicitFileType = wrapper.cfbundle; includeInIndex = 0; path = CALayer_TestTests.xctest; sourceTree = BUILT_PRODUCTS_DIR; };
		68369BE11FE8A0E400FA8096 /* CALayer_TestTests.swift */ = {isa = PBXFileReference; lastKnownFileType = sourcecode.swift; path = CALayer_TestTests.swift; sourceTree = "<group>"; };
		68369BE31FE8A0E400FA8096 /* Info.plist */ = {isa = PBXFileReference; lastKnownFileType = text.plist.xml; path = Info.plist; sourceTree = "<group>"; };
		68369C071FE8B93200FA8096 /* UseLayer.swift */ = {isa = PBXFileReference; lastKnownFileType = sourcecode.swift; path = UseLayer.swift; sourceTree = "<group>"; };
		68373D161FF0898C00A368F3 /* Transition.swift */ = {isa = PBXFileReference; lastKnownFileType = sourcecode.swift; path = Transition.swift; sourceTree = "<group>"; };
		68373D171FF0898C00A368F3 /* Transition.xib */ = {isa = PBXFileReference; lastKnownFileType = file.xib; path = Transition.xib; sourceTree = "<group>"; };
		68373D1A1FF0928D00A368F3 /* Transition_Tabbar.swift */ = {isa = PBXFileReference; lastKnownFileType = sourcecode.swift; path = Transition_Tabbar.swift; sourceTree = "<group>"; };
		68373D1E1FF09B7C00A368F3 /* CustomAnimation.swift */ = {isa = PBXFileReference; lastKnownFileType = sourcecode.swift; path = CustomAnimation.swift; sourceTree = "<group>"; };
		68373D1F1FF09B7C00A368F3 /* CustomAnimation.xib */ = {isa = PBXFileReference; lastKnownFileType = file.xib; path = CustomAnimation.xib; sourceTree = "<group>"; };
		68373D231FF0A0A800A368F3 /* CancelAnimation.swift */ = {isa = PBXFileReference; lastKnownFileType = sourcecode.swift; path = CancelAnimation.swift; sourceTree = "<group>"; };
		68373D241FF0A0A800A368F3 /* CancelAnimation.xib */ = {isa = PBXFileReference; lastKnownFileType = file.xib; path = CancelAnimation.xib; sourceTree = "<group>"; };
		68373D281FF0A46C00A368F3 /* Duration_RepeatCount.swift */ = {isa = PBXFileReference; lastKnownFileType = sourcecode.swift; path = Duration_RepeatCount.swift; sourceTree = "<group>"; };
		68373D291FF0A46C00A368F3 /* Duration_RepeatCount.xib */ = {isa = PBXFileReference; lastKnownFileType = file.xib; path = Duration_RepeatCount.xib; sourceTree = "<group>"; };
		68373D2C1FF0AA3300A368F3 /* RepeatDuration.swift */ = {isa = PBXFileReference; lastKnownFileType = sourcecode.swift; path = RepeatDuration.swift; sourceTree = "<group>"; };
		68373D2D1FF0AA3300A368F3 /* RepeatDuration.xib */ = {isa = PBXFileReference; lastKnownFileType = file.xib; path = RepeatDuration.xib; sourceTree = "<group>"; };
		68373D301FF0AD1900A368F3 /* RelativelyTime.swift */ = {isa = PBXFileReference; lastKnownFileType = sourcecode.swift; path = RelativelyTime.swift; sourceTree = "<group>"; };
		68373D311FF0AD1900A368F3 /* RelativelyTime.xib */ = {isa = PBXFileReference; lastKnownFileType = file.xib; path = RelativelyTime.xib; sourceTree = "<group>"; };
		68373D361FF0D12500A368F3 /* ManuallyAnimation.swift */ = {isa = PBXFileReference; lastKnownFileType = sourcecode.swift; path = ManuallyAnimation.swift; sourceTree = "<group>"; };
		68373D371FF0D12500A368F3 /* ManuallyAnimation.xib */ = {isa = PBXFileReference; lastKnownFileType = file.xib; path = ManuallyAnimation.xib; sourceTree = "<group>"; };
		68373D411FF0E01B00A368F3 /* UIViewCAMediaTimingFunction.swift */ = {isa = PBXFileReference; lastKnownFileType = sourcecode.swift; path = UIViewCAMediaTimingFunction.swift; sourceTree = "<group>"; };
		68373D4A1FF0F61700A368F3 /* TriBezier.swift */ = {isa = PBXFileReference; lastKnownFileType = sourcecode.swift; path = TriBezier.swift; sourceTree = "<group>"; };
		68373D4B1FF0F61700A368F3 /* TriBezier.xib */ = {isa = PBXFileReference; lastKnownFileType = file.xib; path = TriBezier.xib; sourceTree = "<group>"; };
		68373D4E1FF1034000A368F3 /* ReboundBall_KeyTimes.swift */ = {isa = PBXFileReference; lastKnownFileType = sourcecode.swift; path = ReboundBall_KeyTimes.swift; sourceTree = "<group>"; };
		68373D4F1FF1034000A368F3 /* ReboundBall_KeyTimes.xib */ = {isa = PBXFileReference; lastKnownFileType = file.xib; path = ReboundBall_KeyTimes.xib; sourceTree = "<group>"; };
		68373D521FF109BA00A368F3 /* ReboundBall_Auto.swift */ = {isa = PBXFileReference; lastKnownFileType = sourcecode.swift; path = ReboundBall_Auto.swift; sourceTree = "<group>"; };
		68373D531FF109BA00A368F3 /* ReboundBall_Auto.xib */ = {isa = PBXFileReference; lastKnownFileType = file.xib; path = ReboundBall_Auto.xib; sourceTree = "<group>"; };
		68373D5D1FF21B8900A368F3 /* ReboundBall_NSTimer.swift */ = {isa = PBXFileReference; lastKnownFileType = sourcecode.swift; path = ReboundBall_NSTimer.swift; sourceTree = "<group>"; };
		68373D5E1FF21B8900A368F3 /* ReboundBall_NSTimer.xib */ = {isa = PBXFileReference; lastKnownFileType = file.xib; path = ReboundBall_NSTimer.xib; sourceTree = "<group>"; };
		68373D611FF2225800A368F3 /* ReboundBall_CADisplayLink.swift */ = {isa = PBXFileReference; lastKnownFileType = sourcecode.swift; path = ReboundBall_CADisplayLink.swift; sourceTree = "<group>"; };
		68373D621FF2225800A368F3 /* ReboundBall_CADisplayLink.xib */ = {isa = PBXFileReference; lastKnownFileType = file.xib; path = ReboundBall_CADisplayLink.xib; sourceTree = "<group>"; };
		683CCFCA1FEBBD8000ADBF1F /* AffineTransformConcat.swift */ = {isa = PBXFileReference; lastKnownFileType = sourcecode.swift; path = AffineTransformConcat.swift; sourceTree = "<group>"; };
		683DBED51FEF7E3B00F1BA84 /* AdvancingTransition.swift */ = {isa = PBXFileReference; lastKnownFileType = sourcecode.swift; path = AdvancingTransition.swift; sourceTree = "<group>"; };
		683DBED61FEF7E3B00F1BA84 /* AdvancingTransition.xib */ = {isa = PBXFileReference; lastKnownFileType = file.xib; path = AdvancingTransition.xib; sourceTree = "<group>"; };
		683DBEDA1FEF864F00F1BA84 /* PresentationLayer.swift */ = {isa = PBXFileReference; lastKnownFileType = sourcecode.swift; path = PresentationLayer.swift; sourceTree = "<group>"; };
		683DBEE11FEF8CFC00F1BA84 /* PropertyAnimations.swift */ = {isa = PBXFileReference; lastKnownFileType = sourcecode.swift; path = PropertyAnimations.swift; sourceTree = "<group>"; };
		683DBEE21FEF8CFC00F1BA84 /* PropertyAnimations.xib */ = {isa = PBXFileReference; lastKnownFileType = file.xib; path = PropertyAnimations.xib; sourceTree = "<group>"; };
		683DBEE51FEF936B00F1BA84 /* PropertyAnimations_KVC.swift */ = {isa = PBXFileReference; lastKnownFileType = sourcecode.swift; path = PropertyAnimations_KVC.swift; sourceTree = "<group>"; };
		683DBEE61FEF936B00F1BA84 /* PropertyAnimations_KVC.xib */ = {isa = PBXFileReference; lastKnownFileType = file.xib; path = PropertyAnimations_KVC.xib; sourceTree = "<group>"; };
		683DBEEB1FEFA23800F1BA84 /* PropertyAnimations_KeyFrames.swift */ = {isa = PBXFileReference; lastKnownFileType = sourcecode.swift; path = PropertyAnimations_KeyFrames.swift; sourceTree = "<group>"; };
		683DBEEC1FEFA23800F1BA84 /* PropertyAnimations_KeyFrames.xib */ = {isa = PBXFileReference; lastKnownFileType = file.xib; path = PropertyAnimations_KeyFrames.xib; sourceTree = "<group>"; };
		683DBEEF1FEFB2E400F1BA84 /* PropertyAnimations_CGPath.swift */ = {isa = PBXFileReference; lastKnownFileType = sourcecode.swift; path = PropertyAnimations_CGPath.swift; sourceTree = "<group>"; };
		683FE04E1FEECADE00B0799D /* Ship.mp4 */ = {isa = PBXFileReference; lastKnownFileType = file; name = Ship.mp4; path = CALayer_Test/Ship.mp4; sourceTree = "<group>"; };
		683FE0501FEECC6800B0799D /* Special_AVPlayerLayer_MIX.xib */ = {isa = PBXFileReference; lastKnownFileType = file.xib; path = Special_AVPlayerLayer_MIX.xib; sourceTree = "<group>"; };
		683FE0521FEF5CB900B0799D /* Transactions.swift */ = {isa = PBXFileReference; lastKnownFileType = sourcecode.swift; path = Transactions.swift; sourceTree = "<group>"; };
		683FE0531FEF5CB900B0799D /* Transactions.xib */ = {isa = PBXFileReference; lastKnownFileType = file.xib; path = Transactions.xib; sourceTree = "<group>"; };
		683FE0561FEF6FDC00B0799D /* CALayer+Extension.swift */ = {isa = PBXFileReference; lastKnownFileType = sourcecode.swift; path = "CALayer+Extension.swift"; sourceTree = "<group>"; };
		683FE05C1FEF75E100B0799D /* Completion_Blocks.swift */ = {isa = PBXFileReference; lastKnownFileType = sourcecode.swift; path = Completion_Blocks.swift; sourceTree = "<group>"; };
		683FE05D1FEF75E100B0799D /* Completion_Blocks.xib */ = {isa = PBXFileReference; lastKnownFileType = file.xib; path = Completion_Blocks.xib; sourceTree = "<group>"; };
		683FE0611FEF78E500B0799D /* LayerActions.swift */ = {isa = PBXFileReference; lastKnownFileType = sourcecode.swift; path = LayerActions.swift; sourceTree = "<group>"; };
		683FE0621FEF78E500B0799D /* LayerActions.xib */ = {isa = PBXFileReference; lastKnownFileType = file.xib; path = LayerActions.xib; sourceTree = "<group>"; };
		6890A8331FF00C0E00C624F3 /* Base */ = {isa = PBXFileReference; lastKnownFileType = file.xib; name = Base; path = Base.lproj/PropertyAnimations_CGPath.xib; sourceTree = "<group>"; };
		6890A8351FF0143000C624F3 /* AnimationGroup.swift */ = {isa = PBXFileReference; lastKnownFileType = sourcecode.swift; path = AnimationGroup.swift; sourceTree = "<group>"; };
		6890A8361FF0143000C624F3 /* AnimationGroup.xib */ = {isa = PBXFileReference; lastKnownFileType = file.xib; path = AnimationGroup.xib; sourceTree = "<group>"; };
		689C25ED1FE8E13A005A3311 /* ContentsProperties1.swift */ = {isa = PBXFileReference; lastKnownFileType = sourcecode.swift; path = ContentsProperties1.swift; sourceTree = "<group>"; };
		689C25F31FE966B4005A3311 /* UIViewController+Extension.swift */ = {isa = PBXFileReference; lastKnownFileType = sourcecode.swift; path = "UIViewController+Extension.swift"; sourceTree = "<group>"; };
		689C25F61FE96FF8005A3311 /* CustomDrawing.swift */ = {isa = PBXFileReference; lastKnownFileType = sourcecode.swift; path = CustomDrawing.swift; sourceTree = "<group>"; };
		689C25F81FE9F7A0005A3311 /* ContentsProperties2.swift */ = {isa = PBXFileReference; lastKnownFileType = sourcecode.swift; path = ContentsProperties2.swift; sourceTree = "<group>"; };
		689C25FA1FEA02EE005A3311 /* ContentsProperties3.swift */ = {isa = PBXFileReference; lastKnownFileType = sourcecode.swift; path = ContentsProperties3.swift; sourceTree = "<group>"; };
		689C25FC1FEA3719005A3311 /* Assets.xcassets */ = {isa = PBXFileReference; lastKnownFileType = folder.assetcatalog; name = Assets.xcassets; path = CALayer_Test/Assets.xcassets; sourceTree = "<group>"; };
		689C25FF1FEA3C6B005A3311 /* AnchorPoint.swift */ = {isa = PBXFileReference; lastKnownFileType = sourcecode.swift; path = AnchorPoint.swift; sourceTree = "<group>"; };
		689C26051FEA5F40005A3311 /* CoordinateSystem.swift */ = {isa = PBXFileReference; lastKnownFileType = sourcecode.swift; path = CoordinateSystem.swift; sourceTree = "<group>"; };
		689C260A1FEA6474005A3311 /* HitTesting-containsPoint.swift */ = {isa = PBXFileReference; lastKnownFileType = sourcecode.swift; path = "HitTesting-containsPoint.swift"; sourceTree = "<group>"; };
		689C260C1FEA649E005A3311 /* HitTesting-hitTest.swift */ = {isa = PBXFileReference; lastKnownFileType = sourcecode.swift; path = "HitTesting-hitTest.swift"; sourceTree = "<group>"; };
		689C260F1FEA71ED005A3311 /* ConrnerRadius.swift */ = {isa = PBXFileReference; lastKnownFileType = sourcecode.swift; path = ConrnerRadius.swift; sourceTree = "<group>"; };
		689C26141FEB4571005A3311 /* LayerBorder.swift */ = {isa = PBXFileReference; lastKnownFileType = sourcecode.swift; path = LayerBorder.swift; sourceTree = "<group>"; };
		689C26161FEB4591005A3311 /* LayerBorder.xib */ = {isa = PBXFileReference; lastKnownFileType = file.xib; path = LayerBorder.xib; sourceTree = "<group>"; };
		689C26181FEB497E005A3311 /* ConrnerRadius.xib */ = {isa = PBXFileReference; lastKnownFileType = file.xib; path = ConrnerRadius.xib; sourceTree = "<group>"; };
		689C261A1FEB4A4D005A3311 /* CoordinateSystem.xib */ = {isa = PBXFileReference; lastKnownFileType = file.xib; path = CoordinateSystem.xib; sourceTree = "<group>"; };
		689C261C1FEB4ABE005A3311 /* AnchorPoint.xib */ = {isa = PBXFileReference; lastKnownFileType = file.xib; path = AnchorPoint.xib; sourceTree = "<group>"; };
		689C261F1FEB50B3005A3311 /* Shadow.swift */ = {isa = PBXFileReference; lastKnownFileType = sourcecode.swift; path = Shadow.swift; sourceTree = "<group>"; };
		689C26201FEB50B3005A3311 /* Shadow.xib */ = {isa = PBXFileReference; lastKnownFileType = file.xib; path = Shadow.xib; sourceTree = "<group>"; };
		68B2591F1FEB5FCF00C476B1 /* LayerMask.swift */ = {isa = PBXFileReference; lastKnownFileType = sourcecode.swift; path = LayerMask.swift; sourceTree = "<group>"; };
		68B259201FEB5FCF00C476B1 /* LayerMask.xib */ = {isa = PBXFileReference; lastKnownFileType = file.xib; path = LayerMask.xib; sourceTree = "<group>"; };
		68B259231FEB64B800C476B1 /* Stretch_Filte.swift */ = {isa = PBXFileReference; lastKnownFileType = sourcecode.swift; path = Stretch_Filte.swift; sourceTree = "<group>"; };
		68B2592C1FEB911600C476B1 /* Stretch_Filte.xib */ = {isa = PBXFileReference; lastKnownFileType = file.xib; path = Stretch_Filte.xib; sourceTree = "<group>"; };
		68B2592F1FEB949800C476B1 /* Rasterize.swift */ = {isa = PBXFileReference; lastKnownFileType = sourcecode.swift; path = Rasterize.swift; sourceTree = "<group>"; };
		68B259341FEBB65B00C476B1 /* AffineTransform.swift */ = {isa = PBXFileReference; lastKnownFileType = sourcecode.swift; path = AffineTransform.swift; sourceTree = "<group>"; };
		68B2EA461FEBC63F003F8FAA /* Transform_m34.swift */ = {isa = PBXFileReference; lastKnownFileType = sourcecode.swift; path = Transform_m34.swift; sourceTree = "<group>"; };
		68E368721FEBF84800438D58 /* Transform_Rotation1.swift */ = {isa = PBXFileReference; lastKnownFileType = sourcecode.swift; path = Transform_Rotation1.swift; sourceTree = "<group>"; };
		68E368731FEBF84800438D58 /* Transform_Rotation1.xib */ = {isa = PBXFileReference; lastKnownFileType = file.xib; path = Transform_Rotation1.xib; sourceTree = "<group>"; };
		68E368761FEBF86100438D58 /* Transform_Rotation2.swift */ = {isa = PBXFileReference; lastKnownFileType = sourcecode.swift; path = Transform_Rotation2.swift; sourceTree = "<group>"; };
		68E368771FEBF86100438D58 /* Transform_Rotation2.xib */ = {isa = PBXFileReference; lastKnownFileType = file.xib; path = Transform_Rotation2.xib; sourceTree = "<group>"; };
		68E3687B1FEBFEDA00438D58 /* SolidObject.swift */ = {isa = PBXFileReference; lastKnownFileType = sourcecode.swift; path = SolidObject.swift; sourceTree = "<group>"; };
		68E3687C1FEBFEDA00438D58 /* SolidObject.xib */ = {isa = PBXFileReference; lastKnownFileType = file.xib; path = SolidObject.xib; sourceTree = "<group>"; };
		68E3687F1FECA19800438D58 /* SolidObject_Shadow.swift */ = {isa = PBXFileReference; lastKnownFileType = sourcecode.swift; path = SolidObject_Shadow.swift; sourceTree = "<group>"; };
		68E368801FECA19800438D58 /* SolidObject_Shadow.xib */ = {isa = PBXFileReference; lastKnownFileType = file.xib; path = SolidObject_Shadow.xib; sourceTree = "<group>"; };
		68EBC7851FEEC42E00455F9A /* Special_AVPlayerLayer_MIX.swift */ = {isa = PBXFileReference; lastKnownFileType = sourcecode.swift; path = Special_AVPlayerLayer_MIX.swift; sourceTree = "<group>"; };
/* End PBXFileReference section */

/* Begin PBXFrameworksBuildPhase section */
		68369BC61FE8A0E300FA8096 /* Frameworks */ = {
			isa = PBXFrameworksBuildPhase;
			buildActionMask = 2147483647;
			files = (
			);
			runOnlyForDeploymentPostprocessing = 0;
		};
		68369BDA1FE8A0E400FA8096 /* Frameworks */ = {
			isa = PBXFrameworksBuildPhase;
			buildActionMask = 2147483647;
			files = (
			);
			runOnlyForDeploymentPostprocessing = 0;
		};
/* End PBXFrameworksBuildPhase section */

/* Begin PBXGroup section */
		6826BE741FECE35F0021ADED /* 6.1.CAShapeLayer */ = {
			isa = PBXGroup;
			children = (
				6826BE6C1FECB1E80021ADED /* Special_CAShapeLayer.swift */,
			);
			path = 6.1.CAShapeLayer;
			sourceTree = "<group>";
		};
		6826BE751FECE3680021ADED /* 6.2.CATextLayer */ = {
			isa = PBXGroup;
			children = (
				6826BE6E1FECD6F80021ADED /* Special_CATextLayer.swift */,
				6826BE721FECE31B0021ADED /* Special_CATextLayer_RichText.swift */,
				6826BE8A1FED63200021ADED /* LayerLabel_test.swift */,
			);
			path = 6.2.CATextLayer;
			sourceTree = "<group>";
		};
		6826BE761FECE3840021ADED /* 6.3.CATransformLayer */ = {
			isa = PBXGroup;
			children = (
				6826BE701FECE2F90021ADED /* Special_CATransformLayer.swift */,
			);
			path = 6.3.CATransformLayer;
			sourceTree = "<group>";
		};
		6826BE791FED00530021ADED /* 6.4.CAGradientLayer */ = {
			isa = PBXGroup;
			children = (
				6826BE7A1FED00810021ADED /* Special_CAGradientLayer.swift */,
			);
			path = 6.4.CAGradientLayer;
			sourceTree = "<group>";
		};
		6826BE7C1FED44720021ADED /* 6.5.CAReplicatorLayer */ = {
			isa = PBXGroup;
			children = (
				6826BE7D1FED44860021ADED /* Special_CAReplicatorLayer.swift */,
				6826BE7F1FED45180021ADED /* Special_CAReplicatorLayer.xib */,
			);
			path = 6.5.CAReplicatorLayer;
			sourceTree = "<group>";
		};
		6826BE851FED5BBD0021ADED /* 6.6.CAScrollLayer */ = {
			isa = PBXGroup;
			children = (
				6826BE8E1FED6AFB0021ADED /* ScrollView.swift */,
			);
			path = 6.6.CAScrollLayer;
			sourceTree = "<group>";
		};
		6826BE971FED75800021ADED /* 6.8.CAEmitterLayer */ = {
			isa = PBXGroup;
			children = (
				6826BE981FEE198A0021ADED /* Special_CAEmitterLayeer.swift */,
			);
			path = 6.8.CAEmitterLayer;
			sourceTree = "<group>";
		};
		6826BE9C1FEE392E0021ADED /* 6.9.CAEAGLLayer */ = {
			isa = PBXGroup;
			children = (
				6826BEA21FEE877C0021ADED /* CALayer_Test-Bridging-Header.h */,
				6826BE9D1FEE39720021ADED /* Special_CAEAGLLayer.swift */,
				6826BEA01FEE87090021ADED /* MyGlView.swift */,
				6826BEA61FEE87C90021ADED /* Special_CAEAGLLayer_OC.h */,
				6826BEA71FEE87C90021ADED /* Special_CAEAGLLayer_OC.m */,
				6826BEA81FEE87C90021ADED /* Special_CAEAGLLayer_OC.xib */,
			);
			path = 6.9.CAEAGLLayer;
			sourceTree = "<group>";
		};
		6826BEAC1FEEB6500021ADED /* 6.10.AVPlayerLayer */ = {
			isa = PBXGroup;
			children = (
				6826BEAD1FEEB6770021ADED /* Special_AVPlayerLayer.swift */,
				68EBC7851FEEC42E00455F9A /* Special_AVPlayerLayer_MIX.swift */,
				683FE0501FEECC6800B0799D /* Special_AVPlayerLayer_MIX.xib */,
			);
			path = 6.10.AVPlayerLayer;
			sourceTree = "<group>";
		};
		6826BEB41FEEBDCA0021ADED /* Frameworks */ = {
			isa = PBXGroup;
			children = (
			);
			name = Frameworks;
			sourceTree = "<group>";
		};
		68369BC01FE8A0E300FA8096 = {
			isa = PBXGroup;
			children = (
				683FE04E1FEECADE00B0799D /* Ship.mp4 */,
				689C25FC1FEA3719005A3311 /* Assets.xcassets */,
				68369BCB1FE8A0E300FA8096 /* CALayer_Test */,
				68369BE01FE8A0E400FA8096 /* CALayer_TestTests */,
				68369BCA1FE8A0E300FA8096 /* Products */,
				6826BEB41FEEBDCA0021ADED /* Frameworks */,
			);
			sourceTree = "<group>";
		};
		68369BCA1FE8A0E300FA8096 /* Products */ = {
			isa = PBXGroup;
			children = (
				68369BC91FE8A0E300FA8096 /* CALayer_Test.app */,
				68369BDD1FE8A0E400FA8096 /* CALayer_TestTests.xctest */,
			);
			name = Products;
			sourceTree = "<group>";
		};
		68369BCB1FE8A0E300FA8096 /* CALayer_Test */ = {
			isa = PBXGroup;
			children = (
				68369C051FE8B8B600FA8096 /* 15.图层性能 */,
				68369C041FE8B8A500FA8096 /* 14.图像IO */,
				68369C031FE8B89A00FA8096 /* 13.高效绘图 */,
				68369C021FE8B88E00FA8096 /* 12.性能调优 */,
				68369C011FE8B88000FA8096 /* 11.基于定时器的动画 */,
				68369C001FE8B87700FA8096 /* 10.缓冲 */,
				68369BFF1FE8B86D00FA8096 /* 9.图层时间 */,
				68369BFE1FE8B85D00FA8096 /* 8.显式动画 */,
				68369BFD1FE8B85000FA8096 /* 7.隐式动画 */,
				68369BFC1FE8B83800FA8096 /* 6.专用图层 */,
				68369BFB1FE8B82E00FA8096 /* 5.变换 */,
				68369BFA1FE8B82200FA8096 /* 4.视觉效果 */,
				68369BF91FE8B80D00FA8096 /* 3.图层几何学 */,
				68369BF81FE8B7FC00FA8096 /* 2.寄宿图 */,
				68369BF71FE8B7DA00FA8096 /* 1.图层树 */,
				68369BCC1FE8A0E300FA8096 /* AppDelegate.swift */,
				689C25F31FE966B4005A3311 /* UIViewController+Extension.swift */,
				683FE0561FEF6FDC00B0799D /* CALayer+Extension.swift */,
				68369BCE1FE8A0E300FA8096 /* ViewController.swift */,
				68369BD01FE8A0E300FA8096 /* Main.storyboard */,
				68369BD51FE8A0E300FA8096 /* LaunchScreen.storyboard */,
				68369BD81FE8A0E300FA8096 /* Info.plist */,
			);
			path = CALayer_Test;
			sourceTree = "<group>";
		};
		68369BE01FE8A0E400FA8096 /* CALayer_TestTests */ = {
			isa = PBXGroup;
			children = (
				68369BE11FE8A0E400FA8096 /* CALayer_TestTests.swift */,
				68369BE31FE8A0E400FA8096 /* Info.plist */,
			);
			path = CALayer_TestTests;
			sourceTree = "<group>";
		};
		68369BF71FE8B7DA00FA8096 /* 1.图层树 */ = {
			isa = PBXGroup;
			children = (
				68369C061FE8B8D500FA8096 /* 1.3.使用图层 */,
			);
			path = "1.图层树";
			sourceTree = "<group>";
		};
		68369BF81FE8B7FC00FA8096 /* 2.寄宿图 */ = {
			isa = PBXGroup;
			children = (
				689C25F51FE96FCB005A3311 /* 2.2.Custom Drawing */,
				689C25EC1FE8E0DA005A3311 /* 2.1.contents属性 */,
			);
			path = "2.寄宿图";
			sourceTree = "<group>";
		};
		68369BF91FE8B80D00FA8096 /* 3.图层几何学 */ = {
			isa = PBXGroup;
			children = (
				689C26091FEA6434005A3311 /* 3.4.Hit Testing */,
				689C26041FEA4BD8005A3311 /* 3.3.坐标系 */,
				689C25FE1FEA3C3D005A3311 /* 3.2.锚点 */,
			);
			path = "3.图层几何学";
			sourceTree = "<group>";
		};
		68369BFA1FE8B82200FA8096 /* 4.视觉效果 */ = {
			isa = PBXGroup;
			children = (
				68B2592E1FEB948000C476B1 /* 4.6.组透明 */,
				68B259281FEB82EC00C476B1 /* 4.5.拉伸过滤 */,
				68B259271FEB82E100C476B1 /* 4.4.图层蒙版 */,
				689C261E1FEB5081005A3311 /* 4.3.阴影 */,
				689C26131FEA74F8005A3311 /* 4.2.图层边框 */,
				689C260E1FEA710D005A3311 /* 4.1.圆角 */,
			);
			path = "4.视觉效果";
			sourceTree = "<group>";
		};
		68369BFB1FE8B82E00FA8096 /* 5.变换 */ = {
			isa = PBXGroup;
			children = (
				68E3687A1FEBFEA700438D58 /* 5.3.固体对象 */,
				68B2EA451FEBC251003F8FAA /* 5.2.3D变换 */,
				68B259331FEBA15700C476B1 /* 5.1.仿射变换 */,
			);
			path = "5.变换";
			sourceTree = "<group>";
		};
		68369BFC1FE8B83800FA8096 /* 6.专用图层 */ = {
			isa = PBXGroup;
			children = (
				6826BEAC1FEEB6500021ADED /* 6.10.AVPlayerLayer */,
				6826BE9C1FEE392E0021ADED /* 6.9.CAEAGLLayer */,
				6826BE971FED75800021ADED /* 6.8.CAEmitterLayer */,
				6826BE851FED5BBD0021ADED /* 6.6.CAScrollLayer */,
				6826BE7C1FED44720021ADED /* 6.5.CAReplicatorLayer */,
				6826BE791FED00530021ADED /* 6.4.CAGradientLayer */,
				6826BE761FECE3840021ADED /* 6.3.CATransformLayer */,
				6826BE751FECE3680021ADED /* 6.2.CATextLayer */,
				6826BE741FECE35F0021ADED /* 6.1.CAShapeLayer */,
			);
			path = "6.专用图层";
			sourceTree = "<group>";
		};
		68369BFD1FE8B85000FA8096 /* 7.隐式动画 */ = {
			isa = PBXGroup;
			children = (
				683DBED91FEF862900F1BA84 /* 7.4. 呈现与模型 */,
				683FE0601FEF782800B0799D /* 7.3.图层行为 */,
				683FE05B1FEF755000B0799D /* 7.2.完成块 */,
				6851CA241FEEC2F20018E9BC /* 7.1.事务 */,
			);
			path = "7.隐式动画";
			sourceTree = "<group>";
		};
		68369BFE1FE8B85D00FA8096 /* 8.显式动画 */ = {
			isa = PBXGroup;
			children = (
				68373D221FF09F6300A368F3 /* 8.4. 在动画过程中取消动画 */,
				68373D151FF0895C00A368F3 /* 8.3.过渡 */,
				68373D141FF0894E00A368F3 /* 8.2.动画组 */,
				683DBEDE1FEF8B2300F1BA84 /* 8.1.属性动画 */,
			);
			path = "8.显式动画";
			sourceTree = "<group>";
		};
		68369BFF1FE8B86D00FA8096 /* 9.图层时间 */ = {
			isa = PBXGroup;
			children = (
				68373D351FF0D10C00A368F3 /* 9.3. 手动动画 */,
				68373D341FF0CF1E00A368F3 /* 9.2. 层级关系时间 */,
				68373D271FF0A43600A368F3 /* 9.1.CAMediaTiming协议 */,
			);
			path = "9.图层时间";
			sourceTree = "<group>";
		};
		68369C001FE8B87700FA8096 /* 10.缓冲 */ = {
			isa = PBXGroup;
			children = (
				68373D451FF0E31100A368F3 /* 10.2. 自定义缓冲函数 */,
				68373D3A1FF0DC6800A368F3 /* 10.1. 动画速度 */,
			);
			path = "10.缓冲";
			sourceTree = "<group>";
		};
		68369C011FE8B88000FA8096 /* 11.基于定时器的动画 */ = {
			isa = PBXGroup;
			children = (
				68373D5B1FF21B4700A368F3 /* 11.1. 定时帧 */,
			);
			path = "11.基于定时器的动画";
			sourceTree = "<group>";
		};
		68369C021FE8B88E00FA8096 /* 12.性能调优 */ = {
			isa = PBXGroup;
			children = (
			);
			path = "12.性能调优";
			sourceTree = "<group>";
		};
		68369C031FE8B89A00FA8096 /* 13.高效绘图 */ = {
			isa = PBXGroup;
			children = (
			);
			path = "13.高效绘图";
			sourceTree = "<group>";
		};
		68369C041FE8B8A500FA8096 /* 14.图像IO */ = {
			isa = PBXGroup;
			children = (
			);
			path = "14.图像IO";
			sourceTree = "<group>";
		};
		68369C051FE8B8B600FA8096 /* 15.图层性能 */ = {
			isa = PBXGroup;
			children = (
			);
			path = "15.图层性能";
			sourceTree = "<group>";
		};
		68369C061FE8B8D500FA8096 /* 1.3.使用图层 */ = {
			isa = PBXGroup;
			children = (
				68369C071FE8B93200FA8096 /* UseLayer.swift */,
			);
			path = "1.3.使用图层";
			sourceTree = "<group>";
		};
		68373D141FF0894E00A368F3 /* 8.2.动画组 */ = {
			isa = PBXGroup;
			children = (
				6890A8351FF0143000C624F3 /* AnimationGroup.swift */,
				6890A8361FF0143000C624F3 /* AnimationGroup.xib */,
			);
			path = "8.2.动画组";
			sourceTree = "<group>";
		};
		68373D151FF0895C00A368F3 /* 8.3.过渡 */ = {
			isa = PBXGroup;
			children = (
				68373D161FF0898C00A368F3 /* Transition.swift */,
				68373D171FF0898C00A368F3 /* Transition.xib */,
				68373D1A1FF0928D00A368F3 /* Transition_Tabbar.swift */,
				68373D1E1FF09B7C00A368F3 /* CustomAnimation.swift */,
				68373D1F1FF09B7C00A368F3 /* CustomAnimation.xib */,
			);
			path = "8.3.过渡";
			sourceTree = "<group>";
		};
		68373D221FF09F6300A368F3 /* 8.4. 在动画过程中取消动画 */ = {
			isa = PBXGroup;
			children = (
				68373D231FF0A0A800A368F3 /* CancelAnimation.swift */,
				68373D241FF0A0A800A368F3 /* CancelAnimation.xib */,
			);
			path = "8.4. 在动画过程中取消动画";
			sourceTree = "<group>";
		};
		68373D271FF0A43600A368F3 /* 9.1.CAMediaTiming协议 */ = {
			isa = PBXGroup;
			children = (
				68373D281FF0A46C00A368F3 /* Duration_RepeatCount.swift */,
				68373D291FF0A46C00A368F3 /* Duration_RepeatCount.xib */,
				68373D2C1FF0AA3300A368F3 /* RepeatDuration.swift */,
				68373D2D1FF0AA3300A368F3 /* RepeatDuration.xib */,
				68373D301FF0AD1900A368F3 /* RelativelyTime.swift */,
				68373D311FF0AD1900A368F3 /* RelativelyTime.xib */,
			);
			path = "9.1.CAMediaTiming协议";
			sourceTree = "<group>";
		};
		68373D341FF0CF1E00A368F3 /* 9.2. 层级关系时间 */ = {
			isa = PBXGroup;
			children = (
			);
			path = "9.2. 层级关系时间";
			sourceTree = "<group>";
		};
		68373D351FF0D10C00A368F3 /* 9.3. 手动动画 */ = {
			isa = PBXGroup;
			children = (
				68373D361FF0D12500A368F3 /* ManuallyAnimation.swift */,
				68373D371FF0D12500A368F3 /* ManuallyAnimation.xib */,
			);
			path = "9.3. 手动动画";
			sourceTree = "<group>";
		};
		68373D3A1FF0DC6800A368F3 /* 10.1. 动画速度 */ = {
			isa = PBXGroup;
			children = (
				68373D411FF0E01B00A368F3 /* UIViewCAMediaTimingFunction.swift */,
			);
			path = "10.1. 动画速度";
			sourceTree = "<group>";
		};
		68373D451FF0E31100A368F3 /* 10.2. 自定义缓冲函数 */ = {
			isa = PBXGroup;
			children = (
				68373D4A1FF0F61700A368F3 /* TriBezier.swift */,
				68373D4B1FF0F61700A368F3 /* TriBezier.xib */,
				68373D4E1FF1034000A368F3 /* ReboundBall_KeyTimes.swift */,
				68373D4F1FF1034000A368F3 /* ReboundBall_KeyTimes.xib */,
				68373D521FF109BA00A368F3 /* ReboundBall_Auto.swift */,
				68373D531FF109BA00A368F3 /* ReboundBall_Auto.xib */,
			);
			path = "10.2. 自定义缓冲函数";
			sourceTree = "<group>";
		};
		68373D5B1FF21B4700A368F3 /* 11.1. 定时帧 */ = {
			isa = PBXGroup;
			children = (
				68373D5D1FF21B8900A368F3 /* ReboundBall_NSTimer.swift */,
				68373D5E1FF21B8900A368F3 /* ReboundBall_NSTimer.xib */,
				68373D611FF2225800A368F3 /* ReboundBall_CADisplayLink.swift */,
				68373D621FF2225800A368F3 /* ReboundBall_CADisplayLink.xib */,
			);
			path = "11.1. 定时帧";
			sourceTree = "<group>";
		};
		683DBED91FEF862900F1BA84 /* 7.4. 呈现与模型 */ = {
			isa = PBXGroup;
			children = (
				683DBEDA1FEF864F00F1BA84 /* PresentationLayer.swift */,
			);
			path = "7.4. 呈现与模型";
			sourceTree = "<group>";
		};
		683DBEDE1FEF8B2300F1BA84 /* 8.1.属性动画 */ = {
			isa = PBXGroup;
			children = (
				683DBEE11FEF8CFC00F1BA84 /* PropertyAnimations.swift */,
				683DBEE21FEF8CFC00F1BA84 /* PropertyAnimations.xib */,
				683DBEE51FEF936B00F1BA84 /* PropertyAnimations_KVC.swift */,
				683DBEE61FEF936B00F1BA84 /* PropertyAnimations_KVC.xib */,
				683DBEEB1FEFA23800F1BA84 /* PropertyAnimations_KeyFrames.swift */,
				683DBEEC1FEFA23800F1BA84 /* PropertyAnimations_KeyFrames.xib */,
				683DBEEF1FEFB2E400F1BA84 /* PropertyAnimations_CGPath.swift */,
				6890A8321FF00C0E00C624F3 /* PropertyAnimations_CGPath.xib */,
			);
			path = "8.1.属性动画";
			sourceTree = "<group>";
		};
		683FE05B1FEF755000B0799D /* 7.2.完成块 */ = {
			isa = PBXGroup;
			children = (
				683FE05C1FEF75E100B0799D /* Completion_Blocks.swift */,
				683FE05D1FEF75E100B0799D /* Completion_Blocks.xib */,
			);
			path = "7.2.完成块";
			sourceTree = "<group>";
		};
		683FE0601FEF782800B0799D /* 7.3.图层行为 */ = {
			isa = PBXGroup;
			children = (
				683FE0611FEF78E500B0799D /* LayerActions.swift */,
				683FE0621FEF78E500B0799D /* LayerActions.xib */,
				683DBED51FEF7E3B00F1BA84 /* AdvancingTransition.swift */,
				683DBED61FEF7E3B00F1BA84 /* AdvancingTransition.xib */,
			);
			path = "7.3.图层行为";
			sourceTree = "<group>";
		};
		6851CA241FEEC2F20018E9BC /* 7.1.事务 */ = {
			isa = PBXGroup;
			children = (
				683FE0521FEF5CB900B0799D /* Transactions.swift */,
				683FE0531FEF5CB900B0799D /* Transactions.xib */,
			);
			path = "7.1.事务";
			sourceTree = "<group>";
		};
		689C25EC1FE8E0DA005A3311 /* 2.1.contents属性 */ = {
			isa = PBXGroup;
			children = (
				689C25ED1FE8E13A005A3311 /* ContentsProperties1.swift */,
				689C25F81FE9F7A0005A3311 /* ContentsProperties2.swift */,
				689C25FA1FEA02EE005A3311 /* ContentsProperties3.swift */,
			);
			path = "2.1.contents属性";
			sourceTree = "<group>";
		};
		689C25F51FE96FCB005A3311 /* 2.2.Custom Drawing */ = {
			isa = PBXGroup;
			children = (
				689C25F61FE96FF8005A3311 /* CustomDrawing.swift */,
			);
			path = "2.2.Custom Drawing";
			sourceTree = "<group>";
		};
		689C25FE1FEA3C3D005A3311 /* 3.2.锚点 */ = {
			isa = PBXGroup;
			children = (
				689C25FF1FEA3C6B005A3311 /* AnchorPoint.swift */,
				689C261C1FEB4ABE005A3311 /* AnchorPoint.xib */,
			);
			path = "3.2.锚点";
			sourceTree = "<group>";
		};
		689C26041FEA4BD8005A3311 /* 3.3.坐标系 */ = {
			isa = PBXGroup;
			children = (
				689C26051FEA5F40005A3311 /* CoordinateSystem.swift */,
				689C261A1FEB4A4D005A3311 /* CoordinateSystem.xib */,
			);
			path = "3.3.坐标系";
			sourceTree = "<group>";
		};
		689C26091FEA6434005A3311 /* 3.4.Hit Testing */ = {
			isa = PBXGroup;
			children = (
				689C260A1FEA6474005A3311 /* HitTesting-containsPoint.swift */,
				689C260C1FEA649E005A3311 /* HitTesting-hitTest.swift */,
			);
			path = "3.4.Hit Testing";
			sourceTree = "<group>";
		};
		689C260E1FEA710D005A3311 /* 4.1.圆角 */ = {
			isa = PBXGroup;
			children = (
				689C260F1FEA71ED005A3311 /* ConrnerRadius.swift */,
				689C26181FEB497E005A3311 /* ConrnerRadius.xib */,
			);
			path = "4.1.圆角";
			sourceTree = "<group>";
		};
		689C26131FEA74F8005A3311 /* 4.2.图层边框 */ = {
			isa = PBXGroup;
			children = (
				689C26141FEB4571005A3311 /* LayerBorder.swift */,
				689C26161FEB4591005A3311 /* LayerBorder.xib */,
			);
			path = "4.2.图层边框";
			sourceTree = "<group>";
		};
		689C261E1FEB5081005A3311 /* 4.3.阴影 */ = {
			isa = PBXGroup;
			children = (
				689C261F1FEB50B3005A3311 /* Shadow.swift */,
				689C26201FEB50B3005A3311 /* Shadow.xib */,
				682513BF1FEB542E00FE41CE /* ShadowPath.swift */,
				682513C01FEB542E00FE41CE /* ShadowPath.xib */,
			);
			path = "4.3.阴影";
			sourceTree = "<group>";
		};
		68B259271FEB82E100C476B1 /* 4.4.图层蒙版 */ = {
			isa = PBXGroup;
			children = (
				68B2591F1FEB5FCF00C476B1 /* LayerMask.swift */,
				68B259201FEB5FCF00C476B1 /* LayerMask.xib */,
			);
			path = "4.4.图层蒙版";
			sourceTree = "<group>";
		};
		68B259281FEB82EC00C476B1 /* 4.5.拉伸过滤 */ = {
			isa = PBXGroup;
			children = (
				68B259231FEB64B800C476B1 /* Stretch_Filte.swift */,
				68B2592C1FEB911600C476B1 /* Stretch_Filte.xib */,
			);
			path = "4.5.拉伸过滤";
			sourceTree = "<group>";
		};
		68B2592E1FEB948000C476B1 /* 4.6.组透明 */ = {
			isa = PBXGroup;
			children = (
				68B2592F1FEB949800C476B1 /* Rasterize.swift */,
			);
			path = "4.6.组透明";
			sourceTree = "<group>";
		};
		68B259331FEBA15700C476B1 /* 5.1.仿射变换 */ = {
			isa = PBXGroup;
			children = (
				68B259341FEBB65B00C476B1 /* AffineTransform.swift */,
				683CCFCA1FEBBD8000ADBF1F /* AffineTransformConcat.swift */,
			);
			path = "5.1.仿射变换";
			sourceTree = "<group>";
		};
		68B2EA451FEBC251003F8FAA /* 5.2.3D变换 */ = {
			isa = PBXGroup;
			children = (
				68B2EA461FEBC63F003F8FAA /* Transform_m34.swift */,
				680F331B1FEBECBE0091E9F8 /* Transform_sublayer.swift */,
				680F331C1FEBECBE0091E9F8 /* Transform_sublayer.xib */,
				68E368721FEBF84800438D58 /* Transform_Rotation1.swift */,
				68E368731FEBF84800438D58 /* Transform_Rotation1.xib */,
				68E368761FEBF86100438D58 /* Transform_Rotation2.swift */,
				68E368771FEBF86100438D58 /* Transform_Rotation2.xib */,
			);
			path = "5.2.3D变换";
			sourceTree = "<group>";
		};
		68E3687A1FEBFEA700438D58 /* 5.3.固体对象 */ = {
			isa = PBXGroup;
			children = (
				68E3687B1FEBFEDA00438D58 /* SolidObject.swift */,
				68E3687C1FEBFEDA00438D58 /* SolidObject.xib */,
				68E3687F1FECA19800438D58 /* SolidObject_Shadow.swift */,
				68E368801FECA19800438D58 /* SolidObject_Shadow.xib */,
			);
			path = "5.3.固体对象";
			sourceTree = "<group>";
		};
/* End PBXGroup section */

/* Begin PBXNativeTarget section */
		68369BC81FE8A0E300FA8096 /* CALayer_Test */ = {
			isa = PBXNativeTarget;
			buildConfigurationList = 68369BE61FE8A0E400FA8096 /* Build configuration list for PBXNativeTarget "CALayer_Test" */;
			buildPhases = (
				68369BC51FE8A0E300FA8096 /* Sources */,
				68369BC61FE8A0E300FA8096 /* Frameworks */,
				68369BC71FE8A0E300FA8096 /* Resources */,
			);
			buildRules = (
			);
			dependencies = (
			);
			name = CALayer_Test;
			productName = CALayer_Test;
			productReference = 68369BC91FE8A0E300FA8096 /* CALayer_Test.app */;
			productType = "com.apple.product-type.application";
		};
		68369BDC1FE8A0E400FA8096 /* CALayer_TestTests */ = {
			isa = PBXNativeTarget;
			buildConfigurationList = 68369BE91FE8A0E400FA8096 /* Build configuration list for PBXNativeTarget "CALayer_TestTests" */;
			buildPhases = (
				68369BD91FE8A0E400FA8096 /* Sources */,
				68369BDA1FE8A0E400FA8096 /* Frameworks */,
				68369BDB1FE8A0E400FA8096 /* Resources */,
			);
			buildRules = (
			);
			dependencies = (
				68369BDF1FE8A0E400FA8096 /* PBXTargetDependency */,
			);
			name = CALayer_TestTests;
			productName = CALayer_TestTests;
			productReference = 68369BDD1FE8A0E400FA8096 /* CALayer_TestTests.xctest */;
			productType = "com.apple.product-type.bundle.unit-test";
		};
/* End PBXNativeTarget section */

/* Begin PBXProject section */
		68369BC11FE8A0E300FA8096 /* Project object */ = {
			isa = PBXProject;
			attributes = {
				LastSwiftUpdateCheck = 0900;
				LastUpgradeCheck = 0900;
				ORGANIZATIONNAME = "吴昊";
				TargetAttributes = {
					68369BC81FE8A0E300FA8096 = {
						CreatedOnToolsVersion = 9.0;
						LastSwiftMigration = 0900;
						ProvisioningStyle = Automatic;
					};
					68369BDC1FE8A0E400FA8096 = {
						CreatedOnToolsVersion = 9.0;
						ProvisioningStyle = Automatic;
						TestTargetID = 68369BC81FE8A0E300FA8096;
					};
				};
			};
			buildConfigurationList = 68369BC41FE8A0E300FA8096 /* Build configuration list for PBXProject "CALayer_Test" */;
			compatibilityVersion = "Xcode 8.0";
			developmentRegion = en;
			hasScannedForEncodings = 0;
			knownRegions = (
				en,
				Base,
			);
			mainGroup = 68369BC01FE8A0E300FA8096;
			productRefGroup = 68369BCA1FE8A0E300FA8096 /* Products */;
			projectDirPath = "";
			projectRoot = "";
			targets = (
				68369BC81FE8A0E300FA8096 /* CALayer_Test */,
				68369BDC1FE8A0E400FA8096 /* CALayer_TestTests */,
			);
		};
/* End PBXProject section */

/* Begin PBXResourcesBuildPhase section */
		68369BC71FE8A0E300FA8096 /* Resources */ = {
			isa = PBXResourcesBuildPhase;
			buildActionMask = 2147483647;
			files = (
				68373D641FF2225800A368F3 /* ReboundBall_CADisplayLink.xib in Resources */,
				683FE0511FEECCA400B0799D /* Special_AVPlayerLayer_MIX.xib in Resources */,
				683FE04F1FEECADF00B0799D /* Ship.mp4 in Resources */,
				683DBEEE1FEFA23800F1BA84 /* PropertyAnimations_KeyFrames.xib in Resources */,
				68373D331FF0AD1900A368F3 /* RelativelyTime.xib in Resources */,
				689C26171FEB4591005A3311 /* LayerBorder.xib in Resources */,
				68373D2F1FF0AA3300A368F3 /* RepeatDuration.xib in Resources */,
				68E368751FEBF84800438D58 /* Transform_Rotation1.xib in Resources */,
				680F331E1FEBECBE0091E9F8 /* Transform_sublayer.xib in Resources */,
				6890A8381FF0143100C624F3 /* AnimationGroup.xib in Resources */,
				689C26221FEB50B3005A3311 /* Shadow.xib in Resources */,
				682513C21FEB542E00FE41CE /* ShadowPath.xib in Resources */,
				683FE05F1FEF75E100B0799D /* Completion_Blocks.xib in Resources */,
				68373D261FF0A0A800A368F3 /* CancelAnimation.xib in Resources */,
				689C26191FEB497E005A3311 /* ConrnerRadius.xib in Resources */,
				683FE0551FEF5CB900B0799D /* Transactions.xib in Resources */,
				68373D551FF109BA00A368F3 /* ReboundBall_Auto.xib in Resources */,
				68373D211FF09B7C00A368F3 /* CustomAnimation.xib in Resources */,
				689C261B1FEB4A4D005A3311 /* CoordinateSystem.xib in Resources */,
				68E368791FEBF86100438D58 /* Transform_Rotation2.xib in Resources */,
				68E3687E1FEBFEDA00438D58 /* SolidObject.xib in Resources */,
				68B2592D1FEB911600C476B1 /* Stretch_Filte.xib in Resources */,
				68369BD71FE8A0E300FA8096 /* LaunchScreen.storyboard in Resources */,
				68373D511FF1034000A368F3 /* ReboundBall_KeyTimes.xib in Resources */,
				68373D391FF0D12500A368F3 /* ManuallyAnimation.xib in Resources */,
				683DBEE81FEF936B00F1BA84 /* PropertyAnimations_KVC.xib in Resources */,
				689C25FD1FEA371A005A3311 /* Assets.xcassets in Resources */,
				683DBED81FEF7E3B00F1BA84 /* AdvancingTransition.xib in Resources */,
				68373D601FF21B8900A368F3 /* ReboundBall_NSTimer.xib in Resources */,
				689C261D1FEB4ABE005A3311 /* AnchorPoint.xib in Resources */,
				683DBEE41FEF8CFC00F1BA84 /* PropertyAnimations.xib in Resources */,
				68373D4D1FF0F61700A368F3 /* TriBezier.xib in Resources */,
				68369BD21FE8A0E300FA8096 /* Main.storyboard in Resources */,
				68E368821FECA19800438D58 /* SolidObject_Shadow.xib in Resources */,
				6890A8341FF00C0E00C624F3 /* PropertyAnimations_CGPath.xib in Resources */,
				68B259221FEB5FCF00C476B1 /* LayerMask.xib in Resources */,
				68373D2B1FF0A46C00A368F3 /* Duration_RepeatCount.xib in Resources */,
				68373D191FF0898C00A368F3 /* Transition.xib in Resources */,
				6826BEAA1FEE87C90021ADED /* Special_CAEAGLLayer_OC.xib in Resources */,
				6826BE801FED45180021ADED /* Special_CAReplicatorLayer.xib in Resources */,
				683FE0641FEF78E500B0799D /* LayerActions.xib in Resources */,
			);
			runOnlyForDeploymentPostprocessing = 0;
		};
		68369BDB1FE8A0E400FA8096 /* Resources */ = {
			isa = PBXResourcesBuildPhase;
			buildActionMask = 2147483647;
			files = (
			);
			runOnlyForDeploymentPostprocessing = 0;
		};
/* End PBXResourcesBuildPhase section */

/* Begin PBXSourcesBuildPhase section */
		68369BC51FE8A0E300FA8096 /* Sources */ = {
			isa = PBXSourcesBuildPhase;
			buildActionMask = 2147483647;
			files = (
				68373D181FF0898C00A368F3 /* Transition.swift in Sources */,
				68E368741FEBF84800438D58 /* Transform_Rotation1.swift in Sources */,
				6826BE7E1FED44860021ADED /* Special_CAReplicatorLayer.swift in Sources */,
				683FE0631FEF78E500B0799D /* LayerActions.swift in Sources */,
				68373D1B1FF0928D00A368F3 /* Transition_Tabbar.swift in Sources */,
				680F331D1FEBECBE0091E9F8 /* Transform_sublayer.swift in Sources */,
				68E368781FEBF86100438D58 /* Transform_Rotation2.swift in Sources */,
				68369BCF1FE8A0E300FA8096 /* ViewController.swift in Sources */,
				689C26001FEA3C6B005A3311 /* AnchorPoint.swift in Sources */,
				68373D501FF1034000A368F3 /* ReboundBall_KeyTimes.swift in Sources */,
				683DBEDC1FEF864F00F1BA84 /* PresentationLayer.swift in Sources */,
				6826BE6F1FECD6F80021ADED /* Special_CATextLayer.swift in Sources */,
				683DBEE31FEF8CFC00F1BA84 /* PropertyAnimations.swift in Sources */,
				689C26101FEA71ED005A3311 /* ConrnerRadius.swift in Sources */,
				683DBED71FEF7E3B00F1BA84 /* AdvancingTransition.swift in Sources */,
				6826BE7B1FED00810021ADED /* Special_CAGradientLayer.swift in Sources */,
				689C26061FEA5F40005A3311 /* CoordinateSystem.swift in Sources */,
				6826BE6D1FECB1E80021ADED /* Special_CAShapeLayer.swift in Sources */,
				689C25F71FE96FF8005A3311 /* CustomDrawing.swift in Sources */,
				68373D2E1FF0AA3300A368F3 /* RepeatDuration.swift in Sources */,
				68373D201FF09B7C00A368F3 /* CustomAnimation.swift in Sources */,
				68373D431FF0E01B00A368F3 /* UIViewCAMediaTimingFunction.swift in Sources */,
				6890A8371FF0143100C624F3 /* AnimationGroup.swift in Sources */,
				68373D381FF0D12500A368F3 /* ManuallyAnimation.swift in Sources */,
				683DBEF11FEFB2E400F1BA84 /* PropertyAnimations_CGPath.swift in Sources */,
				68373D2A1FF0A46C00A368F3 /* Duration_RepeatCount.swift in Sources */,
				689C25FB1FEA02EE005A3311 /* ContentsProperties3.swift in Sources */,
				68369BCD1FE8A0E300FA8096 /* AppDelegate.swift in Sources */,
				6826BEA11FEE87090021ADED /* MyGlView.swift in Sources */,
				68E3687D1FEBFEDA00438D58 /* SolidObject.swift in Sources */,
				689C25F91FE9F7A0005A3311 /* ContentsProperties2.swift in Sources */,
				68373D631FF2225800A368F3 /* ReboundBall_CADisplayLink.swift in Sources */,
				6826BE8F1FED6AFB0021ADED /* ScrollView.swift in Sources */,
				689C260B1FEA6474005A3311 /* HitTesting-containsPoint.swift in Sources */,
				683FE05E1FEF75E100B0799D /* Completion_Blocks.swift in Sources */,
				6826BE731FECE31B0021ADED /* Special_CATextLayer_RichText.swift in Sources */,
				683DBEE71FEF936B00F1BA84 /* PropertyAnimations_KVC.swift in Sources */,
				689C260D1FEA649E005A3311 /* HitTesting-hitTest.swift in Sources */,
				68373D321FF0AD1900A368F3 /* RelativelyTime.swift in Sources */,
				6826BEA91FEE87C90021ADED /* Special_CAEAGLLayer_OC.m in Sources */,
				68E368811FECA19800438D58 /* SolidObject_Shadow.swift in Sources */,
				689C25EE1FE8E13A005A3311 /* ContentsProperties1.swift in Sources */,
				689C26151FEB4571005A3311 /* LayerBorder.swift in Sources */,
				6826BE9A1FEE198A0021ADED /* Special_CAEmitterLayeer.swift in Sources */,
				683FE0541FEF5CB900B0799D /* Transactions.swift in Sources */,
				689C26211FEB50B3005A3311 /* Shadow.swift in Sources */,
				68B259361FEBB65B00C476B1 /* AffineTransform.swift in Sources */,
				68B259211FEB5FCF00C476B1 /* LayerMask.swift in Sources */,
				683FE0571FEF6FDC00B0799D /* CALayer+Extension.swift in Sources */,
				689C25F41FE966B4005A3311 /* UIViewController+Extension.swift in Sources */,
				682513C11FEB542E00FE41CE /* ShadowPath.swift in Sources */,
				683CCFCB1FEBBD8000ADBF1F /* AffineTransformConcat.swift in Sources */,
				68B259311FEB949800C476B1 /* Rasterize.swift in Sources */,
				683DBEED1FEFA23800F1BA84 /* PropertyAnimations_KeyFrames.swift in Sources */,
				6826BE9E1FEE39720021ADED /* Special_CAEAGLLayer.swift in Sources */,
				68369C081FE8B93200FA8096 /* UseLayer.swift in Sources */,
				68373D251FF0A0A800A368F3 /* CancelAnimation.swift in Sources */,
				68373D5F1FF21B8900A368F3 /* ReboundBall_NSTimer.swift in Sources */,
				68EBC7861FEEC42E00455F9A /* Special_AVPlayerLayer_MIX.swift in Sources */,
				68373D541FF109BA00A368F3 /* ReboundBall_Auto.swift in Sources */,
				68373D4C1FF0F61700A368F3 /* TriBezier.swift in Sources */,
				68B2EA471FEBC63F003F8FAA /* Transform_m34.swift in Sources */,
				6826BE711FECE2F90021ADED /* Special_CATransformLayer.swift in Sources */,
				68B259251FEB64B800C476B1 /* Stretch_Filte.swift in Sources */,
				6826BE8C1FED63200021ADED /* LayerLabel_test.swift in Sources */,
				6826BEAE1FEEB6770021ADED /* Special_AVPlayerLayer.swift in Sources */,
			);
			runOnlyForDeploymentPostprocessing = 0;
		};
		68369BD91FE8A0E400FA8096 /* Sources */ = {
			isa = PBXSourcesBuildPhase;
			buildActionMask = 2147483647;
			files = (
				68369BE21FE8A0E400FA8096 /* CALayer_TestTests.swift in Sources */,
			);
			runOnlyForDeploymentPostprocessing = 0;
		};
/* End PBXSourcesBuildPhase section */

/* Begin PBXTargetDependency section */
		68369BDF1FE8A0E400FA8096 /* PBXTargetDependency */ = {
			isa = PBXTargetDependency;
			target = 68369BC81FE8A0E300FA8096 /* CALayer_Test */;
			targetProxy = 68369BDE1FE8A0E400FA8096 /* PBXContainerItemProxy */;
		};
/* End PBXTargetDependency section */

/* Begin PBXVariantGroup section */
		68369BD01FE8A0E300FA8096 /* Main.storyboard */ = {
			isa = PBXVariantGroup;
			children = (
				68369BD11FE8A0E300FA8096 /* Base */,
			);
			name = Main.storyboard;
			sourceTree = "<group>";
		};
		68369BD51FE8A0E300FA8096 /* LaunchScreen.storyboard */ = {
			isa = PBXVariantGroup;
			children = (
				68369BD61FE8A0E300FA8096 /* Base */,
			);
			name = LaunchScreen.storyboard;
			sourceTree = "<group>";
		};
		6890A8321FF00C0E00C624F3 /* PropertyAnimations_CGPath.xib */ = {
			isa = PBXVariantGroup;
			children = (
				6890A8331FF00C0E00C624F3 /* Base */,
			);
			name = PropertyAnimations_CGPath.xib;
			sourceTree = "<group>";
		};
/* End PBXVariantGroup section */

/* Begin XCBuildConfiguration section */
		68369BE41FE8A0E400FA8096 /* Debug */ = {
			isa = XCBuildConfiguration;
			buildSettings = {
				ALWAYS_SEARCH_USER_PATHS = NO;
				CLANG_ANALYZER_NONNULL = YES;
				CLANG_ANALYZER_NUMBER_OBJECT_CONVERSION = YES_AGGRESSIVE;
				CLANG_CXX_LANGUAGE_STANDARD = "gnu++14";
				CLANG_CXX_LIBRARY = "libc++";
				CLANG_ENABLE_MODULES = YES;
				CLANG_ENABLE_OBJC_ARC = YES;
				CLANG_WARN_BLOCK_CAPTURE_AUTORELEASING = YES;
				CLANG_WARN_BOOL_CONVERSION = YES;
				CLANG_WARN_COMMA = YES;
				CLANG_WARN_CONSTANT_CONVERSION = YES;
				CLANG_WARN_DIRECT_OBJC_ISA_USAGE = YES_ERROR;
				CLANG_WARN_DOCUMENTATION_COMMENTS = YES;
				CLANG_WARN_EMPTY_BODY = YES;
				CLANG_WARN_ENUM_CONVERSION = YES;
				CLANG_WARN_INFINITE_RECURSION = YES;
				CLANG_WARN_INT_CONVERSION = YES;
				CLANG_WARN_NON_LITERAL_NULL_CONVERSION = YES;
				CLANG_WARN_OBJC_LITERAL_CONVERSION = YES;
				CLANG_WARN_OBJC_ROOT_CLASS = YES_ERROR;
				CLANG_WARN_RANGE_LOOP_ANALYSIS = YES;
				CLANG_WARN_STRICT_PROTOTYPES = YES;
				CLANG_WARN_SUSPICIOUS_MOVE = YES;
				CLANG_WARN_UNGUARDED_AVAILABILITY = YES_AGGRESSIVE;
				CLANG_WARN_UNREACHABLE_CODE = YES;
				CLANG_WARN__DUPLICATE_METHOD_MATCH = YES;
				CODE_SIGN_IDENTITY = "iPhone Developer";
				COPY_PHASE_STRIP = NO;
				DEBUG_INFORMATION_FORMAT = dwarf;
				ENABLE_STRICT_OBJC_MSGSEND = YES;
				ENABLE_TESTABILITY = YES;
				GCC_C_LANGUAGE_STANDARD = gnu11;
				GCC_DYNAMIC_NO_PIC = NO;
				GCC_NO_COMMON_BLOCKS = YES;
				GCC_OPTIMIZATION_LEVEL = 0;
				GCC_PREPROCESSOR_DEFINITIONS = (
					"DEBUG=1",
					"$(inherited)",
				);
				GCC_WARN_64_TO_32_BIT_CONVERSION = YES;
				GCC_WARN_ABOUT_RETURN_TYPE = YES_ERROR;
				GCC_WARN_UNDECLARED_SELECTOR = YES;
				GCC_WARN_UNINITIALIZED_AUTOS = YES_AGGRESSIVE;
				GCC_WARN_UNUSED_FUNCTION = YES;
				GCC_WARN_UNUSED_VARIABLE = YES;
				IPHONEOS_DEPLOYMENT_TARGET = 11.0;
				MTL_ENABLE_DEBUG_INFO = YES;
				ONLY_ACTIVE_ARCH = YES;
				SDKROOT = iphoneos;
				SWIFT_ACTIVE_COMPILATION_CONDITIONS = DEBUG;
				SWIFT_OPTIMIZATION_LEVEL = "-Onone";
			};
			name = Debug;
		};
		68369BE51FE8A0E400FA8096 /* Release */ = {
			isa = XCBuildConfiguration;
			buildSettings = {
				ALWAYS_SEARCH_USER_PATHS = NO;
				CLANG_ANALYZER_NONNULL = YES;
				CLANG_ANALYZER_NUMBER_OBJECT_CONVERSION = YES_AGGRESSIVE;
				CLANG_CXX_LANGUAGE_STANDARD = "gnu++14";
				CLANG_CXX_LIBRARY = "libc++";
				CLANG_ENABLE_MODULES = YES;
				CLANG_ENABLE_OBJC_ARC = YES;
				CLANG_WARN_BLOCK_CAPTURE_AUTORELEASING = YES;
				CLANG_WARN_BOOL_CONVERSION = YES;
				CLANG_WARN_COMMA = YES;
				CLANG_WARN_CONSTANT_CONVERSION = YES;
				CLANG_WARN_DIRECT_OBJC_ISA_USAGE = YES_ERROR;
				CLANG_WARN_DOCUMENTATION_COMMENTS = YES;
				CLANG_WARN_EMPTY_BODY = YES;
				CLANG_WARN_ENUM_CONVERSION = YES;
				CLANG_WARN_INFINITE_RECURSION = YES;
				CLANG_WARN_INT_CONVERSION = YES;
				CLANG_WARN_NON_LITERAL_NULL_CONVERSION = YES;
				CLANG_WARN_OBJC_LITERAL_CONVERSION = YES;
				CLANG_WARN_OBJC_ROOT_CLASS = YES_ERROR;
				CLANG_WARN_RANGE_LOOP_ANALYSIS = YES;
				CLANG_WARN_STRICT_PROTOTYPES = YES;
				CLANG_WARN_SUSPICIOUS_MOVE = YES;
				CLANG_WARN_UNGUARDED_AVAILABILITY = YES_AGGRESSIVE;
				CLANG_WARN_UNREACHABLE_CODE = YES;
				CLANG_WARN__DUPLICATE_METHOD_MATCH = YES;
				CODE_SIGN_IDENTITY = "iPhone Developer";
				COPY_PHASE_STRIP = NO;
				DEBUG_INFORMATION_FORMAT = "dwarf-with-dsym";
				ENABLE_NS_ASSERTIONS = NO;
				ENABLE_STRICT_OBJC_MSGSEND = YES;
				GCC_C_LANGUAGE_STANDARD = gnu11;
				GCC_NO_COMMON_BLOCKS = YES;
				GCC_WARN_64_TO_32_BIT_CONVERSION = YES;
				GCC_WARN_ABOUT_RETURN_TYPE = YES_ERROR;
				GCC_WARN_UNDECLARED_SELECTOR = YES;
				GCC_WARN_UNINITIALIZED_AUTOS = YES_AGGRESSIVE;
				GCC_WARN_UNUSED_FUNCTION = YES;
				GCC_WARN_UNUSED_VARIABLE = YES;
				IPHONEOS_DEPLOYMENT_TARGET = 11.0;
				MTL_ENABLE_DEBUG_INFO = NO;
				SDKROOT = iphoneos;
				SWIFT_OPTIMIZATION_LEVEL = "-Owholemodule";
				VALIDATE_PRODUCT = YES;
			};
			name = Release;
		};
		68369BE71FE8A0E400FA8096 /* Debug */ = {
			isa = XCBuildConfiguration;
			buildSettings = {
				ASSETCATALOG_COMPILER_APPICON_NAME = AppIcon;
				CLANG_ENABLE_MODULES = YES;
				CODE_SIGN_STYLE = Automatic;
				DEVELOPMENT_TEAM = 7AMV7W7R65;
				INFOPLIST_FILE = CALayer_Test/Info.plist;
				LD_RUNPATH_SEARCH_PATHS = "$(inherited) @executable_path/Frameworks";
				PRODUCT_BUNDLE_IDENTIFIER = vip.yishequ;
				PRODUCT_NAME = "$(TARGET_NAME)";
				SWIFT_OBJC_BRIDGING_HEADER = "CALayer_Test/6.专用图层/6.9.CAEAGLLayer/CALayer_Test-Bridging-Header.h";
				SWIFT_OPTIMIZATION_LEVEL = "-Onone";
				SWIFT_VERSION = 4.0;
				TARGETED_DEVICE_FAMILY = "1,2";
			};
			name = Debug;
		};
		68369BE81FE8A0E400FA8096 /* Release */ = {
			isa = XCBuildConfiguration;
			buildSettings = {
				ASSETCATALOG_COMPILER_APPICON_NAME = AppIcon;
				CLANG_ENABLE_MODULES = YES;
				CODE_SIGN_STYLE = Automatic;
				DEVELOPMENT_TEAM = 7AMV7W7R65;
				INFOPLIST_FILE = CALayer_Test/Info.plist;
				LD_RUNPATH_SEARCH_PATHS = "$(inherited) @executable_path/Frameworks";
				PRODUCT_BUNDLE_IDENTIFIER = vip.yishequ;
				PRODUCT_NAME = "$(TARGET_NAME)";
				SWIFT_OBJC_BRIDGING_HEADER = "CALayer_Test/6.专用图层/6.9.CAEAGLLayer/CALayer_Test-Bridging-Header.h";
				SWIFT_VERSION = 4.0;
				TARGETED_DEVICE_FAMILY = "1,2";
			};
			name = Release;
		};
		68369BEA1FE8A0E400FA8096 /* Debug */ = {
			isa = XCBuildConfiguration;
			buildSettings = {
				ALWAYS_EMBED_SWIFT_STANDARD_LIBRARIES = YES;
				BUNDLE_LOADER = "$(TEST_HOST)";
				CODE_SIGN_STYLE = Automatic;
				DEVELOPMENT_TEAM = XETP36JA8C;
				INFOPLIST_FILE = CALayer_TestTests/Info.plist;
				LD_RUNPATH_SEARCH_PATHS = "$(inherited) @executable_path/Frameworks @loader_path/Frameworks";
				PRODUCT_BUNDLE_IDENTIFIER = "vip.yishequ.CALayer-TestTests";
				PRODUCT_NAME = "$(TARGET_NAME)";
				SWIFT_VERSION = 4.0;
				TARGETED_DEVICE_FAMILY = "1,2";
				TEST_HOST = "$(BUILT_PRODUCTS_DIR)/CALayer_Test.app/CALayer_Test";
			};
			name = Debug;
		};
		68369BEB1FE8A0E400FA8096 /* Release */ = {
			isa = XCBuildConfiguration;
			buildSettings = {
				ALWAYS_EMBED_SWIFT_STANDARD_LIBRARIES = YES;
				BUNDLE_LOADER = "$(TEST_HOST)";
				CODE_SIGN_STYLE = Automatic;
				DEVELOPMENT_TEAM = XETP36JA8C;
				INFOPLIST_FILE = CALayer_TestTests/Info.plist;
				LD_RUNPATH_SEARCH_PATHS = "$(inherited) @executable_path/Frameworks @loader_path/Frameworks";
				PRODUCT_BUNDLE_IDENTIFIER = "vip.yishequ.CALayer-TestTests";
				PRODUCT_NAME = "$(TARGET_NAME)";
				SWIFT_VERSION = 4.0;
				TARGETED_DEVICE_FAMILY = "1,2";
				TEST_HOST = "$(BUILT_PRODUCTS_DIR)/CALayer_Test.app/CALayer_Test";
			};
			name = Release;
		};
/* End XCBuildConfiguration section */

/* Begin XCConfigurationList section */
		68369BC41FE8A0E300FA8096 /* Build configuration list for PBXProject "CALayer_Test" */ = {
			isa = XCConfigurationList;
			buildConfigurations = (
				68369BE41FE8A0E400FA8096 /* Debug */,
				68369BE51FE8A0E400FA8096 /* Release */,
			);
			defaultConfigurationIsVisible = 0;
			defaultConfigurationName = Release;
		};
		68369BE61FE8A0E400FA8096 /* Build configuration list for PBXNativeTarget "CALayer_Test" */ = {
			isa = XCConfigurationList;
			buildConfigurations = (
				68369BE71FE8A0E400FA8096 /* Debug */,
				68369BE81FE8A0E400FA8096 /* Release */,
			);
			defaultConfigurationIsVisible = 0;
			defaultConfigurationName = Release;
		};
		68369BE91FE8A0E400FA8096 /* Build configuration list for PBXNativeTarget "CALayer_TestTests" */ = {
			isa = XCConfigurationList;
			buildConfigurations = (
				68369BEA1FE8A0E400FA8096 /* Debug */,
				68369BEB1FE8A0E400FA8096 /* Release */,
			);
			defaultConfigurationIsVisible = 0;
			defaultConfigurationName = Release;
		};
/* End XCConfigurationList section */
	};
	rootObject = 68369BC11FE8A0E300FA8096 /* Project object */;
}
